// !$*UTF8*$!
{
	archiveVersion = 1;
	classes = {
	};
	objectVersion = 52;
	objects = {

/* Begin PBXBuildFile section */
		85A320FB24508D0B003F3B6D /* AppDelegate.swift in Sources */ = {isa = PBXBuildFile; fileRef = 85A320FA24508D0B003F3B6D /* AppDelegate.swift */; };
		85A320FD24508D0B003F3B6D /* SceneDelegate.swift in Sources */ = {isa = PBXBuildFile; fileRef = 85A320FC24508D0B003F3B6D /* SceneDelegate.swift */; };
		85A3210424508D0C003F3B6D /* Assets.xcassets in Resources */ = {isa = PBXBuildFile; fileRef = 85A3210324508D0C003F3B6D /* Assets.xcassets */; };
		85A3210724508D0C003F3B6D /* LaunchScreen.storyboard in Resources */ = {isa = PBXBuildFile; fileRef = 85A3210524508D0C003F3B6D /* LaunchScreen.storyboard */; };
		85A3211324508E30003F3B6D /* PortfolioViewController.swift in Sources */ = {isa = PBXBuildFile; fileRef = 85A3211224508E30003F3B6D /* PortfolioViewController.swift */; };
		85A3211624508E6C003F3B6D /* PortfolioViewModel.swift in Sources */ = {isa = PBXBuildFile; fileRef = 85A3211524508E6C003F3B6D /* PortfolioViewModel.swift */; };
		85DB119A2451930E00027D52 /* App.swift in Sources */ = {isa = PBXBuildFile; fileRef = 85DB11992451930E00027D52 /* App.swift */; };
		85DB119D2451959500027D52 /* ReactiveCocoa in Frameworks */ = {isa = PBXBuildFile; productRef = 85DB119C2451959500027D52 /* ReactiveCocoa */; };
		85DB11A0245195BC00027D52 /* DiffingSectionKit in Frameworks */ = {isa = PBXBuildFile; productRef = 85DB119F245195BC00027D52 /* DiffingSectionKit */; };
		85DB11A2245195BC00027D52 /* SectionKit in Frameworks */ = {isa = PBXBuildFile; productRef = 85DB11A1245195BC00027D52 /* SectionKit */; };
		85DB11A62451992E00027D52 /* ChartCellViewModel.swift in Sources */ = {isa = PBXBuildFile; fileRef = 85DB11A52451992E00027D52 /* ChartCellViewModel.swift */; };
		85DB11A92451997E00027D52 /* ViewModel.swift in Sources */ = {isa = PBXBuildFile; fileRef = 85DB11A82451997E00027D52 /* ViewModel.swift */; };
		85DB11AB24519A2100027D52 /* StockSectionViewModel.swift in Sources */ = {isa = PBXBuildFile; fileRef = 85DB11AA24519A2100027D52 /* StockSectionViewModel.swift */; };
		85DB11AD24519D6100027D52 /* StockViewModel.swift in Sources */ = {isa = PBXBuildFile; fileRef = 85DB11AC24519D6100027D52 /* StockViewModel.swift */; };
		85DB11B124519E7600027D52 /* ChartSectionController.swift in Sources */ = {isa = PBXBuildFile; fileRef = 85DB11B024519E7600027D52 /* ChartSectionController.swift */; };
		85DB11B424519E9600027D52 /* StockSectionController.swift in Sources */ = {isa = PBXBuildFile; fileRef = 85DB11B324519E9600027D52 /* StockSectionController.swift */; };
		85DB11B624519ECD00027D52 /* StockViewModel+CollectionViewCellRepresentable.swift in Sources */ = {isa = PBXBuildFile; fileRef = 85DB11B524519ECD00027D52 /* StockViewModel+CollectionViewCellRepresentable.swift */; };
		85DB11BB24519FB100027D52 /* StockCell.swift in Sources */ = {isa = PBXBuildFile; fileRef = 85DB11BA24519FB100027D52 /* StockCell.swift */; };
		85DB11BF24519FC700027D52 /* CollectionViewCell.swift in Sources */ = {isa = PBXBuildFile; fileRef = 85DB11BE24519FC700027D52 /* CollectionViewCell.swift */; };
		85DB11C32451A0E700027D52 /* PortfolioHeaderCell.swift in Sources */ = {isa = PBXBuildFile; fileRef = 85DB11C22451A0E700027D52 /* PortfolioHeaderCell.swift */; };
		85DB11C52451A30300027D52 /* StockSectionHeaderView.swift in Sources */ = {isa = PBXBuildFile; fileRef = 85DB11C42451A30300027D52 /* StockSectionHeaderView.swift */; };
		85DB11C82451A3CD00027D52 /* Reactive+GenericSectionControllerProtocol.swift in Sources */ = {isa = PBXBuildFile; fileRef = 85DB11C72451A3CD00027D52 /* Reactive+GenericSectionControllerProtocol.swift */; };
		85DB11CA2451A40200027D52 /* BaseSectionController+ReactiveExtensionsProvider.swift in Sources */ = {isa = PBXBuildFile; fileRef = 85DB11C92451A40200027D52 /* BaseSectionController+ReactiveExtensionsProvider.swift */; };
/* End PBXBuildFile section */

/* Begin PBXFileReference section */
		85A320F724508D0B003F3B6D /* SectionKit-Example.app */ = {isa = PBXFileReference; explicitFileType = wrapper.application; includeInIndex = 0; path = "SectionKit-Example.app"; sourceTree = BUILT_PRODUCTS_DIR; };
		85A320FA24508D0B003F3B6D /* AppDelegate.swift */ = {isa = PBXFileReference; lastKnownFileType = sourcecode.swift; path = AppDelegate.swift; sourceTree = "<group>"; };
		85A320FC24508D0B003F3B6D /* SceneDelegate.swift */ = {isa = PBXFileReference; lastKnownFileType = sourcecode.swift; path = SceneDelegate.swift; sourceTree = "<group>"; };
		85A3210324508D0C003F3B6D /* Assets.xcassets */ = {isa = PBXFileReference; lastKnownFileType = folder.assetcatalog; path = Assets.xcassets; sourceTree = "<group>"; };
		85A3210624508D0C003F3B6D /* Base */ = {isa = PBXFileReference; lastKnownFileType = file.storyboard; name = Base; path = Base.lproj/LaunchScreen.storyboard; sourceTree = "<group>"; };
		85A3210824508D0C003F3B6D /* Info.plist */ = {isa = PBXFileReference; lastKnownFileType = text.plist.xml; path = Info.plist; sourceTree = "<group>"; };
		85A3211224508E30003F3B6D /* PortfolioViewController.swift */ = {isa = PBXFileReference; lastKnownFileType = sourcecode.swift; path = PortfolioViewController.swift; sourceTree = "<group>"; };
		85A3211524508E6C003F3B6D /* PortfolioViewModel.swift */ = {isa = PBXFileReference; lastKnownFileType = sourcecode.swift; path = PortfolioViewModel.swift; sourceTree = "<group>"; };
		85DB11992451930E00027D52 /* App.swift */ = {isa = PBXFileReference; lastKnownFileType = sourcecode.swift; path = App.swift; sourceTree = "<group>"; };
		85DB11A52451992E00027D52 /* ChartCellViewModel.swift */ = {isa = PBXFileReference; lastKnownFileType = sourcecode.swift; path = ChartCellViewModel.swift; sourceTree = "<group>"; };
		85DB11A82451997E00027D52 /* ViewModel.swift */ = {isa = PBXFileReference; lastKnownFileType = sourcecode.swift; path = ViewModel.swift; sourceTree = "<group>"; };
		85DB11AA24519A2100027D52 /* StockSectionViewModel.swift */ = {isa = PBXFileReference; lastKnownFileType = sourcecode.swift; path = StockSectionViewModel.swift; sourceTree = "<group>"; };
		85DB11AC24519D6100027D52 /* StockViewModel.swift */ = {isa = PBXFileReference; lastKnownFileType = sourcecode.swift; path = StockViewModel.swift; sourceTree = "<group>"; };
		85DB11B024519E7600027D52 /* ChartSectionController.swift */ = {isa = PBXFileReference; lastKnownFileType = sourcecode.swift; path = ChartSectionController.swift; sourceTree = "<group>"; };
		85DB11B324519E9600027D52 /* StockSectionController.swift */ = {isa = PBXFileReference; lastKnownFileType = sourcecode.swift; path = StockSectionController.swift; sourceTree = "<group>"; };
		85DB11B524519ECD00027D52 /* StockViewModel+CollectionViewCellRepresentable.swift */ = {isa = PBXFileReference; lastKnownFileType = sourcecode.swift; path = "StockViewModel+CollectionViewCellRepresentable.swift"; sourceTree = "<group>"; };
		85DB11BA24519FB100027D52 /* StockCell.swift */ = {isa = PBXFileReference; lastKnownFileType = sourcecode.swift; path = StockCell.swift; sourceTree = "<group>"; };
		85DB11BE24519FC700027D52 /* CollectionViewCell.swift */ = {isa = PBXFileReference; lastKnownFileType = sourcecode.swift; path = CollectionViewCell.swift; sourceTree = "<group>"; };
		85DB11C22451A0E700027D52 /* PortfolioHeaderCell.swift */ = {isa = PBXFileReference; lastKnownFileType = sourcecode.swift; path = PortfolioHeaderCell.swift; sourceTree = "<group>"; };
		85DB11C42451A30300027D52 /* StockSectionHeaderView.swift */ = {isa = PBXFileReference; lastKnownFileType = sourcecode.swift; path = StockSectionHeaderView.swift; sourceTree = "<group>"; };
		85DB11C72451A3CD00027D52 /* Reactive+GenericSectionControllerProtocol.swift */ = {isa = PBXFileReference; lastKnownFileType = sourcecode.swift; path = "Reactive+GenericSectionControllerProtocol.swift"; sourceTree = "<group>"; };
		85DB11C92451A40200027D52 /* BaseSectionController+ReactiveExtensionsProvider.swift */ = {isa = PBXFileReference; lastKnownFileType = sourcecode.swift; path = "BaseSectionController+ReactiveExtensionsProvider.swift"; sourceTree = "<group>"; };
/* End PBXFileReference section */

/* Begin PBXFrameworksBuildPhase section */
		85A320F424508D0B003F3B6D /* Frameworks */ = {
			isa = PBXFrameworksBuildPhase;
			buildActionMask = 2147483647;
			files = (
				85DB119D2451959500027D52 /* ReactiveCocoa in Frameworks */,
				85DB11A0245195BC00027D52 /* DiffingSectionKit in Frameworks */,
				85DB11A2245195BC00027D52 /* SectionKit in Frameworks */,
			);
			runOnlyForDeploymentPostprocessing = 0;
		};
/* End PBXFrameworksBuildPhase section */

/* Begin PBXGroup section */
		85A320EE24508D0B003F3B6D = {
			isa = PBXGroup;
			children = (
				85A320F924508D0B003F3B6D /* SectionKit-Example */,
				85A320F824508D0B003F3B6D /* Products */,
			);
			sourceTree = "<group>";
		};
		85A320F824508D0B003F3B6D /* Products */ = {
			isa = PBXGroup;
			children = (
				85A320F724508D0B003F3B6D /* SectionKit-Example.app */,
			);
			name = Products;
			sourceTree = "<group>";
		};
		85A320F924508D0B003F3B6D /* SectionKit-Example */ = {
			isa = PBXGroup;
			children = (
				85DB11C62451A3C000027D52 /* Extensions */,
				85A3210F24508DDE003F3B6D /* App */,
				85A3211024508DEA003F3B6D /* Resources */,
				85A3211124508E25003F3B6D /* ViewController */,
				85A3211424508E4A003F3B6D /* ViewModel */,
				85DB11B724519FA100027D52 /* Views */,
			);
			path = "SectionKit-Example";
			sourceTree = "<group>";
		};
		85A3210F24508DDE003F3B6D /* App */ = {
			isa = PBXGroup;
			children = (
				85DB11992451930E00027D52 /* App.swift */,
				85A320FA24508D0B003F3B6D /* AppDelegate.swift */,
				85A320FC24508D0B003F3B6D /* SceneDelegate.swift */,
			);
			path = App;
			sourceTree = "<group>";
		};
		85A3211024508DEA003F3B6D /* Resources */ = {
			isa = PBXGroup;
			children = (
				85A3210324508D0C003F3B6D /* Assets.xcassets */,
				85A3210824508D0C003F3B6D /* Info.plist */,
				85A3210524508D0C003F3B6D /* LaunchScreen.storyboard */,
			);
			path = Resources;
			sourceTree = "<group>";
		};
		85A3211124508E25003F3B6D /* ViewController */ = {
			isa = PBXGroup;
			children = (
				85DB11AF24519E6600027D52 /* Portfolio */,
			);
			path = ViewController;
			sourceTree = "<group>";
		};
		85A3211424508E4A003F3B6D /* ViewModel */ = {
			isa = PBXGroup;
			children = (
				85DB11A72451997700027D52 /* Generic */,
				85DB11A32451992300027D52 /* Portfolio */,
			);
			path = ViewModel;
			sourceTree = "<group>";
		};
		85DB11A32451992300027D52 /* Portfolio */ = {
			isa = PBXGroup;
			children = (
				85DB11A42451992700027D52 /* Cells */,
				85A3211524508E6C003F3B6D /* PortfolioViewModel.swift */,
				85DB11AA24519A2100027D52 /* StockSectionViewModel.swift */,
				85DB11AC24519D6100027D52 /* StockViewModel.swift */,
			);
			path = Portfolio;
			sourceTree = "<group>";
		};
		85DB11A42451992700027D52 /* Cells */ = {
			isa = PBXGroup;
			children = (
				85DB11A52451992E00027D52 /* ChartCellViewModel.swift */,
			);
			path = Cells;
			sourceTree = "<group>";
		};
		85DB11A72451997700027D52 /* Generic */ = {
			isa = PBXGroup;
			children = (
				85DB11A82451997E00027D52 /* ViewModel.swift */,
			);
			path = Generic;
			sourceTree = "<group>";
		};
		85DB11AF24519E6600027D52 /* Portfolio */ = {
			isa = PBXGroup;
			children = (
				85A3211224508E30003F3B6D /* PortfolioViewController.swift */,
				85DB11B224519E7C00027D52 /* SectionController */,
			);
			path = Portfolio;
			sourceTree = "<group>";
		};
		85DB11B224519E7C00027D52 /* SectionController */ = {
			isa = PBXGroup;
			children = (
				85DB11B024519E7600027D52 /* ChartSectionController.swift */,
				85DB11B324519E9600027D52 /* StockSectionController.swift */,
				85DB11B524519ECD00027D52 /* StockViewModel+CollectionViewCellRepresentable.swift */,
			);
			path = SectionController;
			sourceTree = "<group>";
		};
		85DB11B724519FA100027D52 /* Views */ = {
			isa = PBXGroup;
			children = (
				85DB11BC24519FBD00027D52 /* Generic */,
				85DB11B824519FA400027D52 /* Portfolio */,
			);
			path = Views;
			sourceTree = "<group>";
		};
		85DB11B824519FA400027D52 /* Portfolio */ = {
			isa = PBXGroup;
			children = (
				85DB11B924519FA900027D52 /* Cells */,
				85DB11C42451A30300027D52 /* StockSectionHeaderView.swift */,
			);
			path = Portfolio;
			sourceTree = "<group>";
		};
		85DB11B924519FA900027D52 /* Cells */ = {
			isa = PBXGroup;
			children = (
				85DB11C12451A0D300027D52 /* Portfolio */,
				85DB11C02451A0D100027D52 /* Stock */,
			);
			path = Cells;
			sourceTree = "<group>";
		};
		85DB11BC24519FBD00027D52 /* Generic */ = {
			isa = PBXGroup;
			children = (
				85DB11BD24519FC000027D52 /* Cells */,
			);
			path = Generic;
			sourceTree = "<group>";
		};
		85DB11BD24519FC000027D52 /* Cells */ = {
			isa = PBXGroup;
			children = (
				85DB11BE24519FC700027D52 /* CollectionViewCell.swift */,
			);
			path = Cells;
			sourceTree = "<group>";
		};
		85DB11C02451A0D100027D52 /* Stock */ = {
			isa = PBXGroup;
			children = (
				85DB11BA24519FB100027D52 /* StockCell.swift */,
			);
			path = Stock;
			sourceTree = "<group>";
		};
		85DB11C12451A0D300027D52 /* Portfolio */ = {
			isa = PBXGroup;
			children = (
				85DB11C22451A0E700027D52 /* PortfolioHeaderCell.swift */,
			);
			path = Portfolio;
			sourceTree = "<group>";
		};
		85DB11C62451A3C000027D52 /* Extensions */ = {
			isa = PBXGroup;
			children = (
				85DB11C72451A3CD00027D52 /* Reactive+GenericSectionControllerProtocol.swift */,
				85DB11C92451A40200027D52 /* BaseSectionController+ReactiveExtensionsProvider.swift */,
			);
			path = Extensions;
			sourceTree = "<group>";
		};
/* End PBXGroup section */

/* Begin PBXNativeTarget section */
		85A320F624508D0B003F3B6D /* SectionKit-Example */ = {
			isa = PBXNativeTarget;
			buildConfigurationList = 85A3210B24508D0C003F3B6D /* Build configuration list for PBXNativeTarget "SectionKit-Example" */;
			buildPhases = (
				85A320F324508D0B003F3B6D /* Sources */,
				85A320F424508D0B003F3B6D /* Frameworks */,
				85A320F524508D0B003F3B6D /* Resources */,
			);
			buildRules = (
			);
			dependencies = (
			);
			name = "SectionKit-Example";
			packageProductDependencies = (
				85DB119C2451959500027D52 /* ReactiveCocoa */,
				85DB119F245195BC00027D52 /* DiffingSectionKit */,
				85DB11A1245195BC00027D52 /* SectionKit */,
			);
			productName = "SectionKit-Example";
			productReference = 85A320F724508D0B003F3B6D /* SectionKit-Example.app */;
			productType = "com.apple.product-type.application";
		};
/* End PBXNativeTarget section */

/* Begin PBXProject section */
		85A320EF24508D0B003F3B6D /* Project object */ = {
			isa = PBXProject;
			attributes = {
				LastSwiftUpdateCheck = 1140;
				LastUpgradeCheck = 1140;
				ORGANIZATIONNAME = "Niklas Hein";
				TargetAttributes = {
					85A320F624508D0B003F3B6D = {
						CreatedOnToolsVersion = 11.4.1;
					};
				};
			};
			buildConfigurationList = 85A320F224508D0B003F3B6D /* Build configuration list for PBXProject "SectionKit-Example" */;
			compatibilityVersion = "Xcode 9.3";
			developmentRegion = en;
			hasScannedForEncodings = 0;
			knownRegions = (
				en,
				Base,
			);
			mainGroup = 85A320EE24508D0B003F3B6D;
			packageReferences = (
				85DB119B2451959500027D52 /* XCRemoteSwiftPackageReference "ReactiveCocoa" */,
				85DB119E245195BC00027D52 /* XCRemoteSwiftPackageReference "tr-sectionkit" */,
			);
			productRefGroup = 85A320F824508D0B003F3B6D /* Products */;
			projectDirPath = "";
			projectRoot = "";
			targets = (
				85A320F624508D0B003F3B6D /* SectionKit-Example */,
			);
		};
/* End PBXProject section */

/* Begin PBXResourcesBuildPhase section */
		85A320F524508D0B003F3B6D /* Resources */ = {
			isa = PBXResourcesBuildPhase;
			buildActionMask = 2147483647;
			files = (
				85A3210724508D0C003F3B6D /* LaunchScreen.storyboard in Resources */,
				85A3210424508D0C003F3B6D /* Assets.xcassets in Resources */,
			);
			runOnlyForDeploymentPostprocessing = 0;
		};
/* End PBXResourcesBuildPhase section */

/* Begin PBXSourcesBuildPhase section */
		85A320F324508D0B003F3B6D /* Sources */ = {
			isa = PBXSourcesBuildPhase;
			buildActionMask = 2147483647;
			files = (
				85DB11B124519E7600027D52 /* ChartSectionController.swift in Sources */,
				85DB11B424519E9600027D52 /* StockSectionController.swift in Sources */,
				85DB11AD24519D6100027D52 /* StockViewModel.swift in Sources */,
				85DB11B624519ECD00027D52 /* StockViewModel+CollectionViewCellRepresentable.swift in Sources */,
				85A3211324508E30003F3B6D /* PortfolioViewController.swift in Sources */,
				85DB11A62451992E00027D52 /* ChartCellViewModel.swift in Sources */,
				85DB11CA2451A40200027D52 /* BaseSectionController+ReactiveExtensionsProvider.swift in Sources */,
				85DB11C32451A0E700027D52 /* PortfolioHeaderCell.swift in Sources */,
				85A3211624508E6C003F3B6D /* PortfolioViewModel.swift in Sources */,
				85DB11C52451A30300027D52 /* StockSectionHeaderView.swift in Sources */,
				85DB11BB24519FB100027D52 /* StockCell.swift in Sources */,
				85DB11AB24519A2100027D52 /* StockSectionViewModel.swift in Sources */,
				85A320FB24508D0B003F3B6D /* AppDelegate.swift in Sources */,
				85DB11BF24519FC700027D52 /* CollectionViewCell.swift in Sources */,
				85DB11C82451A3CD00027D52 /* Reactive+GenericSectionControllerProtocol.swift in Sources */,
				85DB119A2451930E00027D52 /* App.swift in Sources */,
				85A320FD24508D0B003F3B6D /* SceneDelegate.swift in Sources */,
				85DB11A92451997E00027D52 /* ViewModel.swift in Sources */,
			);
			runOnlyForDeploymentPostprocessing = 0;
		};
/* End PBXSourcesBuildPhase section */

/* Begin PBXVariantGroup section */
		85A3210524508D0C003F3B6D /* LaunchScreen.storyboard */ = {
			isa = PBXVariantGroup;
			children = (
				85A3210624508D0C003F3B6D /* Base */,
			);
			name = LaunchScreen.storyboard;
			sourceTree = "<group>";
		};
/* End PBXVariantGroup section */

/* Begin XCBuildConfiguration section */
		85A3210924508D0C003F3B6D /* Debug */ = {
			isa = XCBuildConfiguration;
			buildSettings = {
				ALWAYS_SEARCH_USER_PATHS = NO;
				CLANG_ANALYZER_NONNULL = YES;
				CLANG_ANALYZER_NUMBER_OBJECT_CONVERSION = YES_AGGRESSIVE;
				CLANG_CXX_LANGUAGE_STANDARD = "gnu++14";
				CLANG_CXX_LIBRARY = "libc++";
				CLANG_ENABLE_MODULES = YES;
				CLANG_ENABLE_OBJC_ARC = YES;
				CLANG_ENABLE_OBJC_WEAK = YES;
				CLANG_WARN_BLOCK_CAPTURE_AUTORELEASING = YES;
				CLANG_WARN_BOOL_CONVERSION = YES;
				CLANG_WARN_COMMA = YES;
				CLANG_WARN_CONSTANT_CONVERSION = YES;
				CLANG_WARN_DEPRECATED_OBJC_IMPLEMENTATIONS = YES;
				CLANG_WARN_DIRECT_OBJC_ISA_USAGE = YES_ERROR;
				CLANG_WARN_DOCUMENTATION_COMMENTS = YES;
				CLANG_WARN_EMPTY_BODY = YES;
				CLANG_WARN_ENUM_CONVERSION = YES;
				CLANG_WARN_INFINITE_RECURSION = YES;
				CLANG_WARN_INT_CONVERSION = YES;
				CLANG_WARN_NON_LITERAL_NULL_CONVERSION = YES;
				CLANG_WARN_OBJC_IMPLICIT_RETAIN_SELF = YES;
				CLANG_WARN_OBJC_LITERAL_CONVERSION = YES;
				CLANG_WARN_OBJC_ROOT_CLASS = YES_ERROR;
				CLANG_WARN_RANGE_LOOP_ANALYSIS = YES;
				CLANG_WARN_STRICT_PROTOTYPES = YES;
				CLANG_WARN_SUSPICIOUS_MOVE = YES;
				CLANG_WARN_UNGUARDED_AVAILABILITY = YES_AGGRESSIVE;
				CLANG_WARN_UNREACHABLE_CODE = YES;
				CLANG_WARN__DUPLICATE_METHOD_MATCH = YES;
				COPY_PHASE_STRIP = NO;
				DEBUG_INFORMATION_FORMAT = dwarf;
				ENABLE_STRICT_OBJC_MSGSEND = YES;
				ENABLE_TESTABILITY = YES;
				GCC_C_LANGUAGE_STANDARD = gnu11;
				GCC_DYNAMIC_NO_PIC = NO;
				GCC_NO_COMMON_BLOCKS = YES;
				GCC_OPTIMIZATION_LEVEL = 0;
				GCC_PREPROCESSOR_DEFINITIONS = (
					"DEBUG=1",
					"$(inherited)",
				);
				GCC_WARN_64_TO_32_BIT_CONVERSION = YES;
				GCC_WARN_ABOUT_RETURN_TYPE = YES_ERROR;
				GCC_WARN_UNDECLARED_SELECTOR = YES;
				GCC_WARN_UNINITIALIZED_AUTOS = YES_AGGRESSIVE;
				GCC_WARN_UNUSED_FUNCTION = YES;
				GCC_WARN_UNUSED_VARIABLE = YES;
				IPHONEOS_DEPLOYMENT_TARGET = 13.4;
				MTL_ENABLE_DEBUG_INFO = INCLUDE_SOURCE;
				MTL_FAST_MATH = YES;
				ONLY_ACTIVE_ARCH = YES;
				SDKROOT = iphoneos;
				SWIFT_ACTIVE_COMPILATION_CONDITIONS = DEBUG;
				SWIFT_OPTIMIZATION_LEVEL = "-Onone";
			};
			name = Debug;
		};
		85A3210A24508D0C003F3B6D /* Release */ = {
			isa = XCBuildConfiguration;
			buildSettings = {
				ALWAYS_SEARCH_USER_PATHS = NO;
				CLANG_ANALYZER_NONNULL = YES;
				CLANG_ANALYZER_NUMBER_OBJECT_CONVERSION = YES_AGGRESSIVE;
				CLANG_CXX_LANGUAGE_STANDARD = "gnu++14";
				CLANG_CXX_LIBRARY = "libc++";
				CLANG_ENABLE_MODULES = YES;
				CLANG_ENABLE_OBJC_ARC = YES;
				CLANG_ENABLE_OBJC_WEAK = YES;
				CLANG_WARN_BLOCK_CAPTURE_AUTORELEASING = YES;
				CLANG_WARN_BOOL_CONVERSION = YES;
				CLANG_WARN_COMMA = YES;
				CLANG_WARN_CONSTANT_CONVERSION = YES;
				CLANG_WARN_DEPRECATED_OBJC_IMPLEMENTATIONS = YES;
				CLANG_WARN_DIRECT_OBJC_ISA_USAGE = YES_ERROR;
				CLANG_WARN_DOCUMENTATION_COMMENTS = YES;
				CLANG_WARN_EMPTY_BODY = YES;
				CLANG_WARN_ENUM_CONVERSION = YES;
				CLANG_WARN_INFINITE_RECURSION = YES;
				CLANG_WARN_INT_CONVERSION = YES;
				CLANG_WARN_NON_LITERAL_NULL_CONVERSION = YES;
				CLANG_WARN_OBJC_IMPLICIT_RETAIN_SELF = YES;
				CLANG_WARN_OBJC_LITERAL_CONVERSION = YES;
				CLANG_WARN_OBJC_ROOT_CLASS = YES_ERROR;
				CLANG_WARN_RANGE_LOOP_ANALYSIS = YES;
				CLANG_WARN_STRICT_PROTOTYPES = YES;
				CLANG_WARN_SUSPICIOUS_MOVE = YES;
				CLANG_WARN_UNGUARDED_AVAILABILITY = YES_AGGRESSIVE;
				CLANG_WARN_UNREACHABLE_CODE = YES;
				CLANG_WARN__DUPLICATE_METHOD_MATCH = YES;
				COPY_PHASE_STRIP = NO;
				DEBUG_INFORMATION_FORMAT = "dwarf-with-dsym";
				ENABLE_NS_ASSERTIONS = NO;
				ENABLE_STRICT_OBJC_MSGSEND = YES;
				GCC_C_LANGUAGE_STANDARD = gnu11;
				GCC_NO_COMMON_BLOCKS = YES;
				GCC_WARN_64_TO_32_BIT_CONVERSION = YES;
				GCC_WARN_ABOUT_RETURN_TYPE = YES_ERROR;
				GCC_WARN_UNDECLARED_SELECTOR = YES;
				GCC_WARN_UNINITIALIZED_AUTOS = YES_AGGRESSIVE;
				GCC_WARN_UNUSED_FUNCTION = YES;
				GCC_WARN_UNUSED_VARIABLE = YES;
				IPHONEOS_DEPLOYMENT_TARGET = 13.4;
				MTL_ENABLE_DEBUG_INFO = NO;
				MTL_FAST_MATH = YES;
				SDKROOT = iphoneos;
				SWIFT_COMPILATION_MODE = wholemodule;
				SWIFT_OPTIMIZATION_LEVEL = "-O";
				VALIDATE_PRODUCT = YES;
			};
			name = Release;
		};
		85A3210C24508D0C003F3B6D /* Debug */ = {
			isa = XCBuildConfiguration;
			buildSettings = {
				ASSETCATALOG_COMPILER_APPICON_NAME = AppIcon;
				CODE_SIGN_STYLE = Automatic;
				DEVELOPMENT_TEAM = Z8F3UR6P39;
				INFOPLIST_FILE = "SectionKit-Example/Resources/Info.plist";
				LD_RUNPATH_SEARCH_PATHS = (
					"$(inherited)",
					"@executable_path/Frameworks",
				);
				PRODUCT_BUNDLE_IDENTIFIER = "com.traderepublic.SectionKit-Example";
				PRODUCT_NAME = "$(TARGET_NAME)";
				SWIFT_VERSION = 5.0;
				TARGETED_DEVICE_FAMILY = "1,2";
			};
			name = Debug;
		};
		85A3210D24508D0C003F3B6D /* Release */ = {
			isa = XCBuildConfiguration;
			buildSettings = {
				ASSETCATALOG_COMPILER_APPICON_NAME = AppIcon;
				CODE_SIGN_STYLE = Automatic;
				DEVELOPMENT_TEAM = Z8F3UR6P39;
				INFOPLIST_FILE = "SectionKit-Example/Resources/Info.plist";
				LD_RUNPATH_SEARCH_PATHS = (
					"$(inherited)",
					"@executable_path/Frameworks",
				);
				PRODUCT_BUNDLE_IDENTIFIER = "com.traderepublic.SectionKit-Example";
				PRODUCT_NAME = "$(TARGET_NAME)";
				SWIFT_VERSION = 5.0;
				TARGETED_DEVICE_FAMILY = "1,2";
			};
			name = Release;
		};
/* End XCBuildConfiguration section */

/* Begin XCConfigurationList section */
		85A320F224508D0B003F3B6D /* Build configuration list for PBXProject "SectionKit-Example" */ = {
			isa = XCConfigurationList;
			buildConfigurations = (
				85A3210924508D0C003F3B6D /* Debug */,
				85A3210A24508D0C003F3B6D /* Release */,
			);
			defaultConfigurationIsVisible = 0;
			defaultConfigurationName = Release;
		};
		85A3210B24508D0C003F3B6D /* Build configuration list for PBXNativeTarget "SectionKit-Example" */ = {
			isa = XCConfigurationList;
			buildConfigurations = (
				85A3210C24508D0C003F3B6D /* Debug */,
				85A3210D24508D0C003F3B6D /* Release */,
			);
			defaultConfigurationIsVisible = 0;
			defaultConfigurationName = Release;
		};
/* End XCConfigurationList section */

/* Begin XCRemoteSwiftPackageReference section */
		85DB119B2451959500027D52 /* XCRemoteSwiftPackageReference "ReactiveCocoa" */ = {
			isa = XCRemoteSwiftPackageReference;
			repositoryURL = "https://github.com/ReactiveCocoa/ReactiveCocoa";
			requirement = {
				kind = upToNextMajorVersion;
				minimumVersion = 10.2.0;
			};
		};
		85DB119E245195BC00027D52 /* XCRemoteSwiftPackageReference "tr-sectionkit" */ = {
			isa = XCRemoteSwiftPackageReference;
			repositoryURL = "git@github.com:traderepublic/tr-sectionkit.git";
			requirement = {
				branch = master;
				kind = branch;
			};
		};
/* End XCRemoteSwiftPackageReference section */

/* Begin XCSwiftPackageProductDependency section */
		85DB119C2451959500027D52 /* ReactiveCocoa */ = {
			isa = XCSwiftPackageProductDependency;
			package = 85DB119B2451959500027D52 /* XCRemoteSwiftPackageReference "ReactiveCocoa" */;
			productName = ReactiveCocoa;
		};
		85DB119F245195BC00027D52 /* DiffingSectionKit */ = {
			isa = XCSwiftPackageProductDependency;
			package = 85DB119E245195BC00027D52 /* XCRemoteSwiftPackageReference "tr-sectionkit" */;
			productName = DiffingSectionKit;
		};
		85DB11A1245195BC00027D52 /* SectionKit */ = {
			isa = XCSwiftPackageProductDependency;
			package = 85DB119E245195BC00027D52 /* XCRemoteSwiftPackageReference "tr-sectionkit" */;
			productName = SectionKit;
		};
/* End XCSwiftPackageProductDependency section */
	};
	rootObject = 85A320EF24508D0B003F3B6D /* Project object */;
}
