// !$*UTF8*$!
{
	archiveVersion = 1;
	classes = {
	};
	objectVersion = 46;
	objects = {

/* Begin PBXBuildFile section */
		5A345AE624586A3700F32287 /* SingleItemSectionController.swift in Sources */ = {isa = PBXBuildFile; fileRef = 5A345AE424586A1600F32287 /* SingleItemSectionController.swift */; };
		5A68EE8A2461AB670006CD07 /* CollectionViewAdapter.swift in Sources */ = {isa = PBXBuildFile; fileRef = 5A68EE892461AB670006CD07 /* CollectionViewAdapter.swift */; };
		5A68EEA424630DA40006CD07 /* CollectionViewAdapterDataSource.swift in Sources */ = {isa = PBXBuildFile; fileRef = 5A68EEA324630DA40006CD07 /* CollectionViewAdapterDataSource.swift */; };
		5A68EEA824630E250006CD07 /* SectionModel.swift in Sources */ = {isa = PBXBuildFile; fileRef = 5A68EEA724630E250006CD07 /* SectionModel.swift */; };
		5A68EEAC246317240006CD07 /* Section+Differentiable.swift in Sources */ = {isa = PBXBuildFile; fileRef = 5A68EEAA246317120006CD07 /* Section+Differentiable.swift */; };
		5A68EEAE246422110006CD07 /* SectionIdentifiable.swift in Sources */ = {isa = PBXBuildFile; fileRef = 5A68EEAD246422110006CD07 /* SectionIdentifiable.swift */; };
		5A68EEB0246422240006CD07 /* SectionEquatable.swift in Sources */ = {isa = PBXBuildFile; fileRef = 5A68EEAF246422240006CD07 /* SectionEquatable.swift */; };
		5A68EEB224643F0F0006CD07 /* Section.swift in Sources */ = {isa = PBXBuildFile; fileRef = 5A68EEB124643F0F0006CD07 /* Section.swift */; };
		5A68EEB6246957310006CD07 /* CollectionDifference+Changes.swift in Sources */ = {isa = PBXBuildFile; fileRef = 5A68EEB5246957310006CD07 /* CollectionDifference+Changes.swift */; };
		5A68EEBE246AAD6C0006CD07 /* SingleModelSectionController.swift in Sources */ = {isa = PBXBuildFile; fileRef = 5A68EEBD246AAD6C0006CD07 /* SingleModelSectionController.swift */; };
		5A68EEC0246AB7F00006CD07 /* Move.swift in Sources */ = {isa = PBXBuildFile; fileRef = 5A68EEBF246AB7F00006CD07 /* Move.swift */; };
		5A68EEC1246E90E00006CD07 /* SectionUpdateTests.swift in Sources */ = {isa = PBXBuildFile; fileRef = 852E39C224696BBA00066D53 /* SectionUpdateTests.swift */; };
		5AD1D948245086F8005F8F36 /* DifferenceKit.framework in Frameworks */ = {isa = PBXBuildFile; fileRef = 5AD1D947245086F8005F8F36 /* DifferenceKit.framework */; };
		5AD1D97D2452F6EC005F8F36 /* ListCollectionViewAdapter+UIScrollViewDelegate.swift in Sources */ = {isa = PBXBuildFile; fileRef = 5AD1D97B2452F6D9005F8F36 /* ListCollectionViewAdapter+UIScrollViewDelegate.swift */; };
		852E39C624696DDB00066D53 /* SectionBatchOperationTests.swift in Sources */ = {isa = PBXBuildFile; fileRef = 852E39C424696D7100066D53 /* SectionBatchOperationTests.swift */; };
		852E39C924697CB900066D53 /* SectionIndexPathTests.swift in Sources */ = {isa = PBXBuildFile; fileRef = 852E39C724697C9400066D53 /* SectionIndexPathTests.swift */; };
		852E39CA24697F2800066D53 /* SectionUpdateTests.swift in Sources */ = {isa = PBXBuildFile; fileRef = 852E39C224696BBA00066D53 /* SectionUpdateTests.swift */; };
		OBJ_110 /* DiffingListSectionAdapter.swift in Sources */ = {isa = PBXBuildFile; fileRef = OBJ_9 /* DiffingListSectionAdapter.swift */; };
		OBJ_111 /* DiffingListSectionController.swift in Sources */ = {isa = PBXBuildFile; fileRef = OBJ_10 /* DiffingListSectionController.swift */; };
		OBJ_112 /* ChangeSet+BatchOperations.swift in Sources */ = {isa = PBXBuildFile; fileRef = OBJ_12 /* ChangeSet+BatchOperations.swift */; };
		OBJ_113 /* ContentIdentifiable+Identifiable.swift in Sources */ = {isa = PBXBuildFile; fileRef = OBJ_13 /* ContentIdentifiable+Identifiable.swift */; };
		OBJ_114 /* StagedChangeset+MapData.swift in Sources */ = {isa = PBXBuildFile; fileRef = OBJ_14 /* StagedChangeset+MapData.swift */; };
		OBJ_117 /* SectionKit.framework in Frameworks */ = {isa = PBXBuildFile; fileRef = "SectionKit::SectionKit::Product" /* SectionKit.framework */; };
		OBJ_125 /* BaseSectionController.swift in Sources */ = {isa = PBXBuildFile; fileRef = OBJ_18 /* BaseSectionController.swift */; };
		OBJ_129 /* FoundationDiffingListSectionController.swift in Sources */ = {isa = PBXBuildFile; fileRef = OBJ_22 /* FoundationDiffingListSectionController.swift */; };
		OBJ_130 /* ListSectionController.swift in Sources */ = {isa = PBXBuildFile; fileRef = OBJ_23 /* ListSectionController.swift */; };
		OBJ_132 /* SectionController.swift in Sources */ = {isa = PBXBuildFile; fileRef = OBJ_25 /* SectionController.swift */; };
		OBJ_133 /* SectionDataSource.swift in Sources */ = {isa = PBXBuildFile; fileRef = OBJ_26 /* SectionDataSource.swift */; };
		OBJ_134 /* SectionDelegate.swift in Sources */ = {isa = PBXBuildFile; fileRef = OBJ_27 /* SectionDelegate.swift */; };
		OBJ_135 /* SectionDragDelegate.swift in Sources */ = {isa = PBXBuildFile; fileRef = OBJ_28 /* SectionDragDelegate.swift */; };
		OBJ_136 /* SectionDropDelegate.swift in Sources */ = {isa = PBXBuildFile; fileRef = OBJ_29 /* SectionDropDelegate.swift */; };
		OBJ_137 /* SectionFlowDelegate.swift in Sources */ = {isa = PBXBuildFile; fileRef = OBJ_30 /* SectionFlowDelegate.swift */; };
		OBJ_138 /* SectionIndexPath.swift in Sources */ = {isa = PBXBuildFile; fileRef = OBJ_31 /* SectionIndexPath.swift */; };
		OBJ_140 /* SectionBatchOperation.swift in Sources */ = {isa = PBXBuildFile; fileRef = OBJ_34 /* SectionBatchOperation.swift */; };
		OBJ_141 /* SectionChange.swift in Sources */ = {isa = PBXBuildFile; fileRef = OBJ_35 /* SectionChange.swift */; };
		OBJ_142 /* SectionUpdate.swift in Sources */ = {isa = PBXBuildFile; fileRef = OBJ_36 /* SectionUpdate.swift */; };
		OBJ_143 /* CollectionViewContext.swift in Sources */ = {isa = PBXBuildFile; fileRef = OBJ_38 /* CollectionViewContext.swift */; };
		OBJ_144 /* CollectionViewBatchOperation.swift in Sources */ = {isa = PBXBuildFile; fileRef = OBJ_40 /* CollectionViewBatchOperation.swift */; };
		OBJ_145 /* CollectionViewChange.swift in Sources */ = {isa = PBXBuildFile; fileRef = OBJ_41 /* CollectionViewChange.swift */; };
		OBJ_146 /* CollectionViewUpdate.swift in Sources */ = {isa = PBXBuildFile; fileRef = OBJ_42 /* CollectionViewUpdate.swift */; };
		OBJ_147 /* FoundationDiffingListSectionAdapter.swift in Sources */ = {isa = PBXBuildFile; fileRef = OBJ_43 /* FoundationDiffingListSectionAdapter.swift */; };
		OBJ_148 /* MainCollectionViewContext.swift in Sources */ = {isa = PBXBuildFile; fileRef = OBJ_44 /* MainCollectionViewContext.swift */; };
		OBJ_149 /* ListCollectionViewAdapter+UICollectionViewDataSource.swift in Sources */ = {isa = PBXBuildFile; fileRef = OBJ_45 /* ListCollectionViewAdapter+UICollectionViewDataSource.swift */; };
		OBJ_150 /* ListCollectionViewAdapter+UICollectionViewDelegate.swift in Sources */ = {isa = PBXBuildFile; fileRef = OBJ_46 /* ListCollectionViewAdapter+UICollectionViewDelegate.swift */; };
		OBJ_151 /* ListCollectionViewAdapter+UICollectionViewDragDelegate.swift in Sources */ = {isa = PBXBuildFile; fileRef = OBJ_47 /* ListCollectionViewAdapter+UICollectionViewDragDelegate.swift */; };
		OBJ_152 /* ListCollectionViewAdapter+UICollectionViewDropDelegate.swift in Sources */ = {isa = PBXBuildFile; fileRef = OBJ_48 /* ListCollectionViewAdapter+UICollectionViewDropDelegate.swift */; };
		OBJ_153 /* ListCollectionViewAdapter+UICollectionViewFlowLayout.swift in Sources */ = {isa = PBXBuildFile; fileRef = OBJ_49 /* ListCollectionViewAdapter+UICollectionViewFlowLayout.swift */; };
		OBJ_154 /* ListCollectionViewAdapter.swift in Sources */ = {isa = PBXBuildFile; fileRef = OBJ_50 /* ListCollectionViewAdapter.swift */; };
		OBJ_155 /* Collection+Extensions.swift in Sources */ = {isa = PBXBuildFile; fileRef = OBJ_52 /* Collection+Extensions.swift */; };
		OBJ_157 /* UICollectionView+Reload.swift in Sources */ = {isa = PBXBuildFile; fileRef = OBJ_54 /* UICollectionView+Reload.swift */; };
		OBJ_175 /* SectionKitTests.swift in Sources */ = {isa = PBXBuildFile; fileRef = OBJ_57 /* SectionKitTests.swift */; };
		OBJ_176 /* XCTestManifests.swift in Sources */ = {isa = PBXBuildFile; fileRef = OBJ_58 /* XCTestManifests.swift */; };
		OBJ_178 /* SectionKit.framework in Frameworks */ = {isa = PBXBuildFile; fileRef = "SectionKit::SectionKit::Product" /* SectionKit.framework */; };
/* End PBXBuildFile section */

/* Begin PBXContainerItemProxy section */
		5AD1D94424508100005F8F36 /* PBXContainerItemProxy */ = {
			isa = PBXContainerItemProxy;
			containerPortal = OBJ_1 /* Project object */;
			proxyType = 1;
			remoteGlobalIDString = "SectionKit::SectionKit";
			remoteInfo = SectionKit;
		};
		5AD1D94B24508F28005F8F36 /* PBXContainerItemProxy */ = {
			isa = PBXContainerItemProxy;
			containerPortal = OBJ_1 /* Project object */;
			proxyType = 1;
			remoteGlobalIDString = "SectionKit::SectionKit";
			remoteInfo = SectionKit;
		};
/* End PBXContainerItemProxy section */

/* Begin PBXFileReference section */
		5A345AE424586A1600F32287 /* SingleItemSectionController.swift */ = {isa = PBXFileReference; lastKnownFileType = sourcecode.swift; path = SingleItemSectionController.swift; sourceTree = "<group>"; };
		5A68EE892461AB670006CD07 /* CollectionViewAdapter.swift */ = {isa = PBXFileReference; lastKnownFileType = sourcecode.swift; path = CollectionViewAdapter.swift; sourceTree = "<group>"; };
		5A68EEA324630DA40006CD07 /* CollectionViewAdapterDataSource.swift */ = {isa = PBXFileReference; lastKnownFileType = sourcecode.swift; path = CollectionViewAdapterDataSource.swift; sourceTree = "<group>"; };
		5A68EEA724630E250006CD07 /* SectionModel.swift */ = {isa = PBXFileReference; lastKnownFileType = sourcecode.swift; path = SectionModel.swift; sourceTree = "<group>"; };
		5A68EEAA246317120006CD07 /* Section+Differentiable.swift */ = {isa = PBXFileReference; lastKnownFileType = sourcecode.swift; path = "Section+Differentiable.swift"; sourceTree = "<group>"; };
		5A68EEAD246422110006CD07 /* SectionIdentifiable.swift */ = {isa = PBXFileReference; lastKnownFileType = sourcecode.swift; path = SectionIdentifiable.swift; sourceTree = "<group>"; };
		5A68EEAF246422240006CD07 /* SectionEquatable.swift */ = {isa = PBXFileReference; lastKnownFileType = sourcecode.swift; path = SectionEquatable.swift; sourceTree = "<group>"; };
		5A68EEB124643F0F0006CD07 /* Section.swift */ = {isa = PBXFileReference; lastKnownFileType = sourcecode.swift; path = Section.swift; sourceTree = "<group>"; };
		5A68EEB5246957310006CD07 /* CollectionDifference+Changes.swift */ = {isa = PBXFileReference; lastKnownFileType = sourcecode.swift; path = "CollectionDifference+Changes.swift"; sourceTree = "<group>"; };
		5A68EEBD246AAD6C0006CD07 /* SingleModelSectionController.swift */ = {isa = PBXFileReference; lastKnownFileType = sourcecode.swift; path = SingleModelSectionController.swift; sourceTree = "<group>"; };
		5A68EEBF246AB7F00006CD07 /* Move.swift */ = {isa = PBXFileReference; lastKnownFileType = sourcecode.swift; path = Move.swift; sourceTree = "<group>"; };
		5AD1D947245086F8005F8F36 /* DifferenceKit.framework */ = {isa = PBXFileReference; lastKnownFileType = wrapper.framework; name = DifferenceKit.framework; path = Carthage/Build/iOS/DifferenceKit.framework; sourceTree = "<group>"; };
		5AD1D97B2452F6D9005F8F36 /* ListCollectionViewAdapter+UIScrollViewDelegate.swift */ = {isa = PBXFileReference; fileEncoding = 4; lastKnownFileType = sourcecode.swift; path = "ListCollectionViewAdapter+UIScrollViewDelegate.swift"; sourceTree = "<group>"; };
		852E39C224696BBA00066D53 /* SectionUpdateTests.swift */ = {isa = PBXFileReference; lastKnownFileType = sourcecode.swift; path = SectionUpdateTests.swift; sourceTree = "<group>"; };
		852E39C424696D7100066D53 /* SectionBatchOperationTests.swift */ = {isa = PBXFileReference; lastKnownFileType = sourcecode.swift; path = SectionBatchOperationTests.swift; sourceTree = "<group>"; };
		852E39C724697C9400066D53 /* SectionIndexPathTests.swift */ = {isa = PBXFileReference; lastKnownFileType = sourcecode.swift; path = SectionIndexPathTests.swift; sourceTree = "<group>"; };
		OBJ_10 /* DiffingListSectionController.swift */ = {isa = PBXFileReference; lastKnownFileType = sourcecode.swift; path = DiffingListSectionController.swift; sourceTree = "<group>"; };
		OBJ_12 /* ChangeSet+BatchOperations.swift */ = {isa = PBXFileReference; lastKnownFileType = sourcecode.swift; path = "ChangeSet+BatchOperations.swift"; sourceTree = "<group>"; };
		OBJ_13 /* ContentIdentifiable+Identifiable.swift */ = {isa = PBXFileReference; lastKnownFileType = sourcecode.swift; path = "ContentIdentifiable+Identifiable.swift"; sourceTree = "<group>"; };
		OBJ_14 /* StagedChangeset+MapData.swift */ = {isa = PBXFileReference; lastKnownFileType = sourcecode.swift; path = "StagedChangeset+MapData.swift"; sourceTree = "<group>"; };
		OBJ_18 /* BaseSectionController.swift */ = {isa = PBXFileReference; lastKnownFileType = sourcecode.swift; path = BaseSectionController.swift; sourceTree = "<group>"; };
		OBJ_22 /* FoundationDiffingListSectionController.swift */ = {isa = PBXFileReference; lastKnownFileType = sourcecode.swift; path = FoundationDiffingListSectionController.swift; sourceTree = "<group>"; };
		OBJ_23 /* ListSectionController.swift */ = {isa = PBXFileReference; lastKnownFileType = sourcecode.swift; path = ListSectionController.swift; sourceTree = "<group>"; };
		OBJ_25 /* SectionController.swift */ = {isa = PBXFileReference; lastKnownFileType = sourcecode.swift; path = SectionController.swift; sourceTree = "<group>"; };
		OBJ_26 /* SectionDataSource.swift */ = {isa = PBXFileReference; lastKnownFileType = sourcecode.swift; path = SectionDataSource.swift; sourceTree = "<group>"; };
		OBJ_27 /* SectionDelegate.swift */ = {isa = PBXFileReference; lastKnownFileType = sourcecode.swift; path = SectionDelegate.swift; sourceTree = "<group>"; };
		OBJ_28 /* SectionDragDelegate.swift */ = {isa = PBXFileReference; lastKnownFileType = sourcecode.swift; path = SectionDragDelegate.swift; sourceTree = "<group>"; };
		OBJ_29 /* SectionDropDelegate.swift */ = {isa = PBXFileReference; lastKnownFileType = sourcecode.swift; path = SectionDropDelegate.swift; sourceTree = "<group>"; };
		OBJ_30 /* SectionFlowDelegate.swift */ = {isa = PBXFileReference; lastKnownFileType = sourcecode.swift; path = SectionFlowDelegate.swift; sourceTree = "<group>"; };
		OBJ_31 /* SectionIndexPath.swift */ = {isa = PBXFileReference; lastKnownFileType = sourcecode.swift; path = SectionIndexPath.swift; sourceTree = "<group>"; };
		OBJ_34 /* SectionBatchOperation.swift */ = {isa = PBXFileReference; lastKnownFileType = sourcecode.swift; path = SectionBatchOperation.swift; sourceTree = "<group>"; };
		OBJ_35 /* SectionChange.swift */ = {isa = PBXFileReference; lastKnownFileType = sourcecode.swift; path = SectionChange.swift; sourceTree = "<group>"; };
		OBJ_36 /* SectionUpdate.swift */ = {isa = PBXFileReference; lastKnownFileType = sourcecode.swift; path = SectionUpdate.swift; sourceTree = "<group>"; };
		OBJ_38 /* CollectionViewContext.swift */ = {isa = PBXFileReference; lastKnownFileType = sourcecode.swift; path = CollectionViewContext.swift; sourceTree = "<group>"; };
		OBJ_40 /* CollectionViewBatchOperation.swift */ = {isa = PBXFileReference; lastKnownFileType = sourcecode.swift; path = CollectionViewBatchOperation.swift; sourceTree = "<group>"; };
		OBJ_41 /* CollectionViewChange.swift */ = {isa = PBXFileReference; lastKnownFileType = sourcecode.swift; path = CollectionViewChange.swift; sourceTree = "<group>"; };
		OBJ_42 /* CollectionViewUpdate.swift */ = {isa = PBXFileReference; lastKnownFileType = sourcecode.swift; path = CollectionViewUpdate.swift; sourceTree = "<group>"; };
		OBJ_43 /* FoundationDiffingListSectionAdapter.swift */ = {isa = PBXFileReference; lastKnownFileType = sourcecode.swift; path = FoundationDiffingListSectionAdapter.swift; sourceTree = "<group>"; };
		OBJ_44 /* MainCollectionViewContext.swift */ = {isa = PBXFileReference; lastKnownFileType = sourcecode.swift; path = MainCollectionViewContext.swift; sourceTree = "<group>"; };
		OBJ_45 /* ListCollectionViewAdapter+UICollectionViewDataSource.swift */ = {isa = PBXFileReference; lastKnownFileType = sourcecode.swift; path = "ListCollectionViewAdapter+UICollectionViewDataSource.swift"; sourceTree = "<group>"; };
		OBJ_46 /* ListCollectionViewAdapter+UICollectionViewDelegate.swift */ = {isa = PBXFileReference; lastKnownFileType = sourcecode.swift; path = "ListCollectionViewAdapter+UICollectionViewDelegate.swift"; sourceTree = "<group>"; };
		OBJ_47 /* ListCollectionViewAdapter+UICollectionViewDragDelegate.swift */ = {isa = PBXFileReference; lastKnownFileType = sourcecode.swift; path = "ListCollectionViewAdapter+UICollectionViewDragDelegate.swift"; sourceTree = "<group>"; };
		OBJ_48 /* ListCollectionViewAdapter+UICollectionViewDropDelegate.swift */ = {isa = PBXFileReference; lastKnownFileType = sourcecode.swift; path = "ListCollectionViewAdapter+UICollectionViewDropDelegate.swift"; sourceTree = "<group>"; };
		OBJ_49 /* ListCollectionViewAdapter+UICollectionViewFlowLayout.swift */ = {isa = PBXFileReference; lastKnownFileType = sourcecode.swift; path = "ListCollectionViewAdapter+UICollectionViewFlowLayout.swift"; sourceTree = "<group>"; };
		OBJ_50 /* ListCollectionViewAdapter.swift */ = {isa = PBXFileReference; lastKnownFileType = sourcecode.swift; path = ListCollectionViewAdapter.swift; sourceTree = "<group>"; };
		OBJ_52 /* Collection+Extensions.swift */ = {isa = PBXFileReference; lastKnownFileType = sourcecode.swift; path = "Collection+Extensions.swift"; sourceTree = "<group>"; };
		OBJ_54 /* UICollectionView+Reload.swift */ = {isa = PBXFileReference; lastKnownFileType = sourcecode.swift; path = "UICollectionView+Reload.swift"; sourceTree = "<group>"; };
		OBJ_57 /* SectionKitTests.swift */ = {isa = PBXFileReference; lastKnownFileType = sourcecode.swift; path = SectionKitTests.swift; sourceTree = "<group>"; };
		OBJ_58 /* XCTestManifests.swift */ = {isa = PBXFileReference; lastKnownFileType = sourcecode.swift; path = XCTestManifests.swift; sourceTree = "<group>"; };
		OBJ_6 /* Package.swift */ = {isa = PBXFileReference; explicitFileType = sourcecode.swift; path = Package.swift; sourceTree = "<group>"; };
		OBJ_80 /* README.md */ = {isa = PBXFileReference; lastKnownFileType = net.daringfireball.markdown; path = README.md; sourceTree = "<group>"; };
		OBJ_9 /* DiffingListSectionAdapter.swift */ = {isa = PBXFileReference; lastKnownFileType = sourcecode.swift; path = DiffingListSectionAdapter.swift; sourceTree = "<group>"; };
		"SectionKit::DiffingSectionKit::Product" /* DiffingSectionKit.framework */ = {isa = PBXFileReference; explicitFileType = wrapper.framework; path = DiffingSectionKit.framework; sourceTree = BUILT_PRODUCTS_DIR; };
		"SectionKit::SectionKit::Product" /* SectionKit.framework */ = {isa = PBXFileReference; explicitFileType = wrapper.framework; path = SectionKit.framework; sourceTree = BUILT_PRODUCTS_DIR; };
		"SectionKit::SectionKitTests::Product" /* SectionKitTests.xctest */ = {isa = PBXFileReference; lastKnownFileType = file; path = SectionKitTests.xctest; sourceTree = BUILT_PRODUCTS_DIR; };
/* End PBXFileReference section */

/* Begin PBXFrameworksBuildPhase section */
		OBJ_115 /* Frameworks */ = {
			isa = PBXFrameworksBuildPhase;
			buildActionMask = 0;
			files = (
				5AD1D948245086F8005F8F36 /* DifferenceKit.framework in Frameworks */,
				OBJ_117 /* SectionKit.framework in Frameworks */,
			);
			runOnlyForDeploymentPostprocessing = 0;
		};
		OBJ_158 /* Frameworks */ = {
			isa = PBXFrameworksBuildPhase;
			buildActionMask = 0;
			files = (
			);
			runOnlyForDeploymentPostprocessing = 0;
		};
		OBJ_177 /* Frameworks */ = {
			isa = PBXFrameworksBuildPhase;
			buildActionMask = 0;
			files = (
				OBJ_178 /* SectionKit.framework in Frameworks */,
			);
			runOnlyForDeploymentPostprocessing = 0;
		};
/* End PBXFrameworksBuildPhase section */

/* Begin PBXGroup section */
		5A68EEA924630E580006CD07 /* ListCollectionViewAdapter */ = {
			isa = PBXGroup;
			children = (
				OBJ_45 /* ListCollectionViewAdapter+UICollectionViewDataSource.swift */,
				OBJ_46 /* ListCollectionViewAdapter+UICollectionViewDelegate.swift */,
				OBJ_47 /* ListCollectionViewAdapter+UICollectionViewDragDelegate.swift */,
				OBJ_48 /* ListCollectionViewAdapter+UICollectionViewDropDelegate.swift */,
				OBJ_49 /* ListCollectionViewAdapter+UICollectionViewFlowLayout.swift */,
				5AD1D97B2452F6D9005F8F36 /* ListCollectionViewAdapter+UIScrollViewDelegate.swift */,
				OBJ_50 /* ListCollectionViewAdapter.swift */,
				OBJ_43 /* FoundationDiffingListSectionAdapter.swift */,
			);
			path = ListCollectionViewAdapter;
			sourceTree = "<group>";
		};
		5AD1D946245086F7005F8F36 /* Frameworks */ = {
			isa = PBXGroup;
			children = (
				5AD1D947245086F8005F8F36 /* DifferenceKit.framework */,
			);
			name = Frameworks;
			sourceTree = "<group>";
		};
		852E39BD246968C200066D53 /* Section */ = {
			isa = PBXGroup;
			children = (
				852E39C124696BB000066D53 /* SectionUpdate */,
				852E39C724697C9400066D53 /* SectionIndexPathTests.swift */,
			);
			path = Section;
			sourceTree = "<group>";
		};
		852E39C124696BB000066D53 /* SectionUpdate */ = {
			isa = PBXGroup;
			children = (
				852E39C224696BBA00066D53 /* SectionUpdateTests.swift */,
				852E39C424696D7100066D53 /* SectionBatchOperationTests.swift */,
			);
			path = SectionUpdate;
			sourceTree = "<group>";
		};
		OBJ_11 /* Utility */ = {
			isa = PBXGroup;
			children = (
				OBJ_12 /* ChangeSet+BatchOperations.swift */,
				OBJ_13 /* ContentIdentifiable+Identifiable.swift */,
				OBJ_14 /* StagedChangeset+MapData.swift */,
				5A68EEAA246317120006CD07 /* Section+Differentiable.swift */,
			);
			path = Utility;
			sourceTree = "<group>";
		};
		OBJ_15 /* SectionKit */ = {
			isa = PBXGroup;
			children = (
				OBJ_16 /* Section */,
				OBJ_37 /* CollectionViewAdapter */,
				OBJ_51 /* Utility */,
			);
			name = SectionKit;
			path = Sources/SectionKit;
			sourceTree = SOURCE_ROOT;
		};
		OBJ_16 /* Section */ = {
			isa = PBXGroup;
			children = (
				OBJ_33 /* SectionUpdate */,
				OBJ_17 /* Generic */,
				OBJ_25 /* SectionController.swift */,
				OBJ_26 /* SectionDataSource.swift */,
				OBJ_27 /* SectionDelegate.swift */,
				OBJ_28 /* SectionDragDelegate.swift */,
				OBJ_29 /* SectionDropDelegate.swift */,
				OBJ_30 /* SectionFlowDelegate.swift */,
				OBJ_31 /* SectionIndexPath.swift */,
			);
			path = Section;
			sourceTree = "<group>";
		};
		OBJ_17 /* Generic */ = {
			isa = PBXGroup;
			children = (
				OBJ_18 /* BaseSectionController.swift */,
				OBJ_22 /* FoundationDiffingListSectionController.swift */,
				OBJ_23 /* ListSectionController.swift */,
				5A345AE424586A1600F32287 /* SingleItemSectionController.swift */,
				5A68EEBD246AAD6C0006CD07 /* SingleModelSectionController.swift */,
			);
			path = Generic;
			sourceTree = "<group>";
		};
		OBJ_33 /* SectionUpdate */ = {
			isa = PBXGroup;
			children = (
				OBJ_34 /* SectionBatchOperation.swift */,
				OBJ_35 /* SectionChange.swift */,
				OBJ_36 /* SectionUpdate.swift */,
			);
			path = SectionUpdate;
			sourceTree = "<group>";
		};
		OBJ_37 /* CollectionViewAdapter */ = {
			isa = PBXGroup;
			children = (
				OBJ_39 /* CollectionUpdate */,
				5A68EEA924630E580006CD07 /* ListCollectionViewAdapter */,
				OBJ_38 /* CollectionViewContext.swift */,
				OBJ_44 /* MainCollectionViewContext.swift */,
				5A68EEB124643F0F0006CD07 /* Section.swift */,
				5A68EEA724630E250006CD07 /* SectionModel.swift */,
				5A68EEAD246422110006CD07 /* SectionIdentifiable.swift */,
				5A68EEAF246422240006CD07 /* SectionEquatable.swift */,
				5A68EE892461AB670006CD07 /* CollectionViewAdapter.swift */,
				5A68EEA324630DA40006CD07 /* CollectionViewAdapterDataSource.swift */,
			);
			path = CollectionViewAdapter;
			sourceTree = "<group>";
		};
		OBJ_39 /* CollectionUpdate */ = {
			isa = PBXGroup;
			children = (
				OBJ_40 /* CollectionViewBatchOperation.swift */,
				OBJ_41 /* CollectionViewChange.swift */,
				OBJ_42 /* CollectionViewUpdate.swift */,
			);
			path = CollectionUpdate;
			sourceTree = "<group>";
		};
		OBJ_5 = {
			isa = PBXGroup;
			children = (
				OBJ_6 /* Package.swift */,
				OBJ_7 /* Sources */,
				OBJ_55 /* Tests */,
				OBJ_75 /* Products */,
				OBJ_80 /* README.md */,
				5AD1D946245086F7005F8F36 /* Frameworks */,
			);
			sourceTree = "<group>";
		};
		OBJ_51 /* Utility */ = {
			isa = PBXGroup;
			children = (
				OBJ_52 /* Collection+Extensions.swift */,
				OBJ_54 /* UICollectionView+Reload.swift */,
				5A68EEB5246957310006CD07 /* CollectionDifference+Changes.swift */,
				5A68EEBF246AB7F00006CD07 /* Move.swift */,
			);
			path = Utility;
			sourceTree = "<group>";
		};
		OBJ_55 /* Tests */ = {
			isa = PBXGroup;
			children = (
				OBJ_56 /* SectionKitTests */,
			);
			name = Tests;
			sourceTree = SOURCE_ROOT;
		};
		OBJ_56 /* SectionKitTests */ = {
			isa = PBXGroup;
			children = (
				OBJ_57 /* SectionKitTests.swift */,
				OBJ_58 /* XCTestManifests.swift */,
				852E39BD246968C200066D53 /* Section */,
			);
			name = SectionKitTests;
			path = Tests/SectionKitTests;
			sourceTree = SOURCE_ROOT;
		};
		OBJ_7 /* Sources */ = {
			isa = PBXGroup;
			children = (
				OBJ_8 /* DiffingSectionKit */,
				OBJ_15 /* SectionKit */,
			);
			name = Sources;
			sourceTree = SOURCE_ROOT;
		};
		OBJ_75 /* Products */ = {
			isa = PBXGroup;
			children = (
				"SectionKit::DiffingSectionKit::Product" /* DiffingSectionKit.framework */,
				"SectionKit::SectionKit::Product" /* SectionKit.framework */,
				"SectionKit::SectionKitTests::Product" /* SectionKitTests.xctest */,
			);
			name = Products;
			sourceTree = BUILT_PRODUCTS_DIR;
		};
		OBJ_8 /* DiffingSectionKit */ = {
			isa = PBXGroup;
			children = (
				OBJ_11 /* Utility */,
				OBJ_9 /* DiffingListSectionAdapter.swift */,
				OBJ_10 /* DiffingListSectionController.swift */,
			);
			name = DiffingSectionKit;
			path = Sources/DiffingSectionKit;
			sourceTree = SOURCE_ROOT;
		};
/* End PBXGroup section */

/* Begin PBXNativeTarget section */
		"SectionKit::DiffingSectionKit" /* DiffingSectionKit */ = {
			isa = PBXNativeTarget;
			buildConfigurationList = OBJ_106 /* Build configuration list for PBXNativeTarget "DiffingSectionKit" */;
			buildPhases = (
				OBJ_109 /* Sources */,
				OBJ_115 /* Frameworks */,
				5A7C9F9125077FDE00A32BE6 /* SwiftLint */,
			);
			buildRules = (
			);
			dependencies = (
				5AD1D94C24508F28005F8F36 /* PBXTargetDependency */,
			);
			name = DiffingSectionKit;
			productName = DiffingSectionKit;
			productReference = "SectionKit::DiffingSectionKit::Product" /* DiffingSectionKit.framework */;
			productType = "com.apple.product-type.framework";
		};
		"SectionKit::SectionKit" /* SectionKit */ = {
			isa = PBXNativeTarget;
			buildConfigurationList = OBJ_121 /* Build configuration list for PBXNativeTarget "SectionKit" */;
			buildPhases = (
				OBJ_124 /* Sources */,
				OBJ_158 /* Frameworks */,
				5A7C9F9025077FC000A32BE6 /* SwiftLint */,
			);
			buildRules = (
			);
			dependencies = (
			);
			name = SectionKit;
			productName = SectionKit;
			productReference = "SectionKit::SectionKit::Product" /* SectionKit.framework */;
			productType = "com.apple.product-type.framework";
		};
		"SectionKit::SectionKitTests" /* SectionKitTests */ = {
			isa = PBXNativeTarget;
			buildConfigurationList = OBJ_171 /* Build configuration list for PBXNativeTarget "SectionKitTests" */;
			buildPhases = (
				OBJ_174 /* Sources */,
				OBJ_177 /* Frameworks */,
			);
			buildRules = (
			);
			dependencies = (
				OBJ_179 /* PBXTargetDependency */,
			);
			name = SectionKitTests;
			productName = SectionKitTests;
			productReference = "SectionKit::SectionKitTests::Product" /* SectionKitTests.xctest */;
			productType = "com.apple.product-type.bundle.unit-test";
		};
/* End PBXNativeTarget section */

/* Begin PBXProject section */
		OBJ_1 /* Project object */ = {
			isa = PBXProject;
			attributes = {
				LastSwiftMigration = 9999;
				LastUpgradeCheck = 9999;
				TargetAttributes = {
					"SectionKit::DiffingSectionKit" = {
						ProvisioningStyle = Automatic;
					};
					"SectionKit::SectionKit" = {
						ProvisioningStyle = Automatic;
					};
				};
			};
			buildConfigurationList = OBJ_2 /* Build configuration list for PBXProject "SectionKit" */;
			compatibilityVersion = "Xcode 3.2";
			developmentRegion = en;
			hasScannedForEncodings = 0;
			knownRegions = (
				en,
			);
			mainGroup = OBJ_5;
			productRefGroup = OBJ_75 /* Products */;
			projectDirPath = "";
			projectRoot = "";
			targets = (
				"SectionKit::DiffingSectionKit" /* DiffingSectionKit */,
				"SectionKit::SectionKit" /* SectionKit */,
				"SectionKit::SectionKitTests" /* SectionKitTests */,
			);
		};
/* End PBXProject section */

/* Begin PBXShellScriptBuildPhase section */
		5A7C9F9025077FC000A32BE6 /* SwiftLint */ = {
			isa = PBXShellScriptBuildPhase;
			buildActionMask = 2147483647;
			files = (
			);
			inputFileListPaths = (
			);
			inputPaths = (
			);
			name = SwiftLint;
			outputFileListPaths = (
			);
			outputPaths = (
			);
			runOnlyForDeploymentPostprocessing = 0;
			shellPath = /bin/sh;
			shellScript = "if which swiftlint >/dev/null; then\n  swiftlint\nelse\n  echo \"warning: SwiftLint not installed, download from https://github.com/realm/SwiftLint\"\nfi\n";
		};
		5A7C9F9125077FDE00A32BE6 /* SwiftLint */ = {
			isa = PBXShellScriptBuildPhase;
			buildActionMask = 2147483647;
			files = (
			);
			inputFileListPaths = (
			);
			inputPaths = (
			);
			name = SwiftLint;
			outputFileListPaths = (
			);
			outputPaths = (
			);
			runOnlyForDeploymentPostprocessing = 0;
			shellPath = /bin/sh;
			shellScript = "if which swiftlint >/dev/null; then\n  swiftlint\nelse\n  echo \"warning: SwiftLint not installed, download from https://github.com/realm/SwiftLint\"\nfi\n";
		};
/* End PBXShellScriptBuildPhase section */

/* Begin PBXSourcesBuildPhase section */
		OBJ_109 /* Sources */ = {
			isa = PBXSourcesBuildPhase;
			buildActionMask = 0;
			files = (
				OBJ_110 /* DiffingListSectionAdapter.swift in Sources */,
				OBJ_111 /* DiffingListSectionController.swift in Sources */,
				OBJ_112 /* ChangeSet+BatchOperations.swift in Sources */,
				5A68EEAC246317240006CD07 /* Section+Differentiable.swift in Sources */,
				OBJ_113 /* ContentIdentifiable+Identifiable.swift in Sources */,
				OBJ_114 /* StagedChangeset+MapData.swift in Sources */,
			);
			runOnlyForDeploymentPostprocessing = 0;
		};
		OBJ_124 /* Sources */ = {
			isa = PBXSourcesBuildPhase;
			buildActionMask = 0;
			files = (
				5AD1D97D2452F6EC005F8F36 /* ListCollectionViewAdapter+UIScrollViewDelegate.swift in Sources */,
				OBJ_125 /* BaseSectionController.swift in Sources */,
				OBJ_129 /* FoundationDiffingListSectionController.swift in Sources */,
				OBJ_130 /* ListSectionController.swift in Sources */,
				5A68EEB224643F0F0006CD07 /* Section.swift in Sources */,
				OBJ_132 /* SectionController.swift in Sources */,
				OBJ_133 /* SectionDataSource.swift in Sources */,
				5A345AE624586A3700F32287 /* SingleItemSectionController.swift in Sources */,
				OBJ_134 /* SectionDelegate.swift in Sources */,
				5A68EEA824630E250006CD07 /* SectionModel.swift in Sources */,
				5A68EEBE246AAD6C0006CD07 /* SingleModelSectionController.swift in Sources */,
				5A68EEB6246957310006CD07 /* CollectionDifference+Changes.swift in Sources */,
				5A68EEB0246422240006CD07 /* SectionEquatable.swift in Sources */,
				OBJ_135 /* SectionDragDelegate.swift in Sources */,
				OBJ_136 /* SectionDropDelegate.swift in Sources */,
				OBJ_137 /* SectionFlowDelegate.swift in Sources */,
				5A68EEC0246AB7F00006CD07 /* Move.swift in Sources */,
				OBJ_138 /* SectionIndexPath.swift in Sources */,
				5A68EEAE246422110006CD07 /* SectionIdentifiable.swift in Sources */,
				OBJ_140 /* SectionBatchOperation.swift in Sources */,
				5A68EEA424630DA40006CD07 /* CollectionViewAdapterDataSource.swift in Sources */,
				OBJ_141 /* SectionChange.swift in Sources */,
				OBJ_142 /* SectionUpdate.swift in Sources */,
				OBJ_143 /* CollectionViewContext.swift in Sources */,
				OBJ_144 /* CollectionViewBatchOperation.swift in Sources */,
				OBJ_145 /* CollectionViewChange.swift in Sources */,
				OBJ_146 /* CollectionViewUpdate.swift in Sources */,
				OBJ_147 /* FoundationDiffingListSectionAdapter.swift in Sources */,
				OBJ_148 /* MainCollectionViewContext.swift in Sources */,
				OBJ_149 /* ListCollectionViewAdapter+UICollectionViewDataSource.swift in Sources */,
				OBJ_150 /* ListCollectionViewAdapter+UICollectionViewDelegate.swift in Sources */,
				OBJ_151 /* ListCollectionViewAdapter+UICollectionViewDragDelegate.swift in Sources */,
				OBJ_152 /* ListCollectionViewAdapter+UICollectionViewDropDelegate.swift in Sources */,
				OBJ_153 /* ListCollectionViewAdapter+UICollectionViewFlowLayout.swift in Sources */,
				5A68EE8A2461AB670006CD07 /* CollectionViewAdapter.swift in Sources */,
				OBJ_154 /* ListCollectionViewAdapter.swift in Sources */,
				OBJ_155 /* Collection+Extensions.swift in Sources */,
				OBJ_157 /* UICollectionView+Reload.swift in Sources */,
			);
			runOnlyForDeploymentPostprocessing = 0;
		};
		OBJ_174 /* Sources */ = {
			isa = PBXSourcesBuildPhase;
			buildActionMask = 0;
			files = (
				852E39C624696DDB00066D53 /* SectionBatchOperationTests.swift in Sources */,
				OBJ_175 /* SectionKitTests.swift in Sources */,
				852E39CA24697F2800066D53 /* SectionUpdateTests.swift in Sources */,
				852E39C924697CB900066D53 /* SectionIndexPathTests.swift in Sources */,
				5A68EEC1246E90E00006CD07 /* SectionUpdateTests.swift in Sources */,
				OBJ_176 /* XCTestManifests.swift in Sources */,
			);
			runOnlyForDeploymentPostprocessing = 0;
		};
/* End PBXSourcesBuildPhase section */

/* Begin PBXTargetDependency section */
		5AD1D94C24508F28005F8F36 /* PBXTargetDependency */ = {
			isa = PBXTargetDependency;
			target = "SectionKit::SectionKit" /* SectionKit */;
			targetProxy = 5AD1D94B24508F28005F8F36 /* PBXContainerItemProxy */;
		};
		OBJ_179 /* PBXTargetDependency */ = {
			isa = PBXTargetDependency;
			target = "SectionKit::SectionKit" /* SectionKit */;
			targetProxy = 5AD1D94424508100005F8F36 /* PBXContainerItemProxy */;
		};
/* End PBXTargetDependency section */

/* Begin XCBuildConfiguration section */
		OBJ_107 /* Debug */ = {
			isa = XCBuildConfiguration;
			buildSettings = {
				CODE_SIGN_IDENTITY = "Apple Development";
				"CODE_SIGN_IDENTITY[sdk=macosx*]" = "Apple Development";
				CODE_SIGN_STYLE = Automatic;
				CURRENT_PROJECT_VERSION = 1;
				DEAD_CODE_STRIPPING = NO;
				DEVELOPMENT_TEAM = "";
				ENABLE_TESTABILITY = YES;
				FRAMEWORK_SEARCH_PATHS = (
					"$(inherited)",
					"$(PLATFORM_DIR)/Developer/Library/Frameworks",
					"$(PROJECT_DIR)/Carthage/Build/iOS",
				);
				HEADER_SEARCH_PATHS = "$(inherited)";
				INFOPLIST_FILE = SectionKit.xcodeproj/DiffingSectionKit_Info.plist;
				IPHONEOS_DEPLOYMENT_TARGET = 9.0;
				LD_RUNPATH_SEARCH_PATHS = "$(inherited) $(TOOLCHAIN_DIR)/usr/lib/swift/macosx";
				MACOSX_DEPLOYMENT_TARGET = 10.10;
				MARKETING_VERSION = 0.1;
				OTHER_CFLAGS = "$(inherited)";
				OTHER_LDFLAGS = "$(inherited)";
				OTHER_SWIFT_FLAGS = "$(inherited)";
				PRODUCT_BUNDLE_IDENTIFIER = com.traderepublic.DiffingSectionKit;
				PRODUCT_MODULE_NAME = "$(TARGET_NAME:c99extidentifier)";
				PRODUCT_NAME = "$(TARGET_NAME:c99extidentifier)";
				PROVISIONING_PROFILE_SPECIFIER = "";
				"PROVISIONING_PROFILE_SPECIFIER[sdk=macosx*]" = "";
				SDKROOT = iphoneos;
				SKIP_INSTALL = YES;
				SWIFT_ACTIVE_COMPILATION_CONDITIONS = "$(inherited)";
				SWIFT_VERSION = 5.0;
				TARGETED_DEVICE_FAMILY = "1,2";
				TARGET_NAME = DiffingSectionKit;
				TVOS_DEPLOYMENT_TARGET = 9.0;
				WATCHOS_DEPLOYMENT_TARGET = 2.0;
			};
			name = Debug;
		};
		OBJ_108 /* Release */ = {
			isa = XCBuildConfiguration;
			buildSettings = {
				CODE_SIGN_IDENTITY = "Apple Development";
				"CODE_SIGN_IDENTITY[sdk=macosx*]" = "Apple Development";
				CODE_SIGN_STYLE = Automatic;
				CURRENT_PROJECT_VERSION = 1;
				DEAD_CODE_STRIPPING = NO;
				DEVELOPMENT_TEAM = "";
				ENABLE_TESTABILITY = YES;
				FRAMEWORK_SEARCH_PATHS = (
					"$(inherited)",
					"$(PLATFORM_DIR)/Developer/Library/Frameworks",
					"$(PROJECT_DIR)/Carthage/Build/iOS",
				);
				HEADER_SEARCH_PATHS = "$(inherited)";
				INFOPLIST_FILE = SectionKit.xcodeproj/DiffingSectionKit_Info.plist;
				IPHONEOS_DEPLOYMENT_TARGET = 9.0;
				LD_RUNPATH_SEARCH_PATHS = "$(inherited) $(TOOLCHAIN_DIR)/usr/lib/swift/macosx";
				MACOSX_DEPLOYMENT_TARGET = 10.10;
				MARKETING_VERSION = 0.1;
				OTHER_CFLAGS = "$(inherited)";
				OTHER_LDFLAGS = "$(inherited)";
				OTHER_SWIFT_FLAGS = "$(inherited)";
				PRODUCT_BUNDLE_IDENTIFIER = com.traderepublic.DiffingSectionKit;
				PRODUCT_MODULE_NAME = "$(TARGET_NAME:c99extidentifier)";
				PRODUCT_NAME = "$(TARGET_NAME:c99extidentifier)";
				PROVISIONING_PROFILE_SPECIFIER = "";
				"PROVISIONING_PROFILE_SPECIFIER[sdk=macosx*]" = "";
				SDKROOT = iphoneos;
				SKIP_INSTALL = YES;
				SWIFT_ACTIVE_COMPILATION_CONDITIONS = "$(inherited)";
				SWIFT_OPTIMIZATION_LEVEL = "-Owholemodule";
				SWIFT_VERSION = 5.0;
				TARGETED_DEVICE_FAMILY = "1,2";
				TARGET_NAME = DiffingSectionKit;
				TVOS_DEPLOYMENT_TARGET = 9.0;
				VALIDATE_PRODUCT = YES;
				WATCHOS_DEPLOYMENT_TARGET = 2.0;
			};
			name = Release;
		};
		OBJ_122 /* Debug */ = {
			isa = XCBuildConfiguration;
			buildSettings = {
				CODE_SIGN_IDENTITY = "Apple Development";
				"CODE_SIGN_IDENTITY[sdk=macosx*]" = "Apple Development";
				CODE_SIGN_STYLE = Automatic;
				CURRENT_PROJECT_VERSION = 1;
				DEAD_CODE_STRIPPING = NO;
				DEVELOPMENT_TEAM = "";
				ENABLE_TESTABILITY = YES;
				FRAMEWORK_SEARCH_PATHS = (
					"$(inherited)",
					"$(PLATFORM_DIR)/Developer/Library/Frameworks",
				);
				HEADER_SEARCH_PATHS = "$(inherited)";
				INFOPLIST_FILE = SectionKit.xcodeproj/SectionKit_Info.plist;
				IPHONEOS_DEPLOYMENT_TARGET = 9.0;
				LD_RUNPATH_SEARCH_PATHS = "$(inherited) $(TOOLCHAIN_DIR)/usr/lib/swift/macosx";
				MACOSX_DEPLOYMENT_TARGET = 10.10;
				MARKETING_VERSION = 0.1;
				OTHER_CFLAGS = "$(inherited)";
				OTHER_LDFLAGS = "$(inherited)";
				OTHER_SWIFT_FLAGS = "$(inherited)";
				PRODUCT_BUNDLE_IDENTIFIER = com.traderepublic.SectionKit;
				PRODUCT_MODULE_NAME = "$(TARGET_NAME:c99extidentifier)";
				PRODUCT_NAME = "$(TARGET_NAME:c99extidentifier)";
				PROVISIONING_PROFILE_SPECIFIER = "";
				"PROVISIONING_PROFILE_SPECIFIER[sdk=macosx*]" = "";
				SDKROOT = iphoneos;
				SKIP_INSTALL = YES;
				SWIFT_ACTIVE_COMPILATION_CONDITIONS = "$(inherited)";
				SWIFT_VERSION = 5.0;
				TARGETED_DEVICE_FAMILY = "1,2";
				TARGET_NAME = SectionKit;
				TVOS_DEPLOYMENT_TARGET = 9.0;
				WATCHOS_DEPLOYMENT_TARGET = 2.0;
			};
			name = Debug;
		};
		OBJ_123 /* Release */ = {
			isa = XCBuildConfiguration;
			buildSettings = {
				CODE_SIGN_IDENTITY = "Apple Development";
				"CODE_SIGN_IDENTITY[sdk=macosx*]" = "Apple Development";
				CODE_SIGN_STYLE = Automatic;
				CURRENT_PROJECT_VERSION = 1;
				DEAD_CODE_STRIPPING = NO;
				DEVELOPMENT_TEAM = "";
				ENABLE_TESTABILITY = YES;
				FRAMEWORK_SEARCH_PATHS = (
					"$(inherited)",
					"$(PLATFORM_DIR)/Developer/Library/Frameworks",
				);
				HEADER_SEARCH_PATHS = "$(inherited)";
				INFOPLIST_FILE = SectionKit.xcodeproj/SectionKit_Info.plist;
				IPHONEOS_DEPLOYMENT_TARGET = 9.0;
				LD_RUNPATH_SEARCH_PATHS = "$(inherited) $(TOOLCHAIN_DIR)/usr/lib/swift/macosx";
				MACOSX_DEPLOYMENT_TARGET = 10.10;
				MARKETING_VERSION = 0.1;
				OTHER_CFLAGS = "$(inherited)";
				OTHER_LDFLAGS = "$(inherited)";
				OTHER_SWIFT_FLAGS = "$(inherited)";
				PRODUCT_BUNDLE_IDENTIFIER = com.traderepublic.SectionKit;
				PRODUCT_MODULE_NAME = "$(TARGET_NAME:c99extidentifier)";
				PRODUCT_NAME = "$(TARGET_NAME:c99extidentifier)";
				PROVISIONING_PROFILE_SPECIFIER = "";
				"PROVISIONING_PROFILE_SPECIFIER[sdk=macosx*]" = "";
				SDKROOT = iphoneos;
				SKIP_INSTALL = YES;
				SWIFT_ACTIVE_COMPILATION_CONDITIONS = "$(inherited)";
				SWIFT_OPTIMIZATION_LEVEL = "-Owholemodule";
				SWIFT_VERSION = 5.0;
				TARGETED_DEVICE_FAMILY = "1,2";
				TARGET_NAME = SectionKit;
				TVOS_DEPLOYMENT_TARGET = 9.0;
				VALIDATE_PRODUCT = YES;
				WATCHOS_DEPLOYMENT_TARGET = 2.0;
			};
			name = Release;
		};
		OBJ_172 /* Debug */ = {
			isa = XCBuildConfiguration;
			buildSettings = {
				CLANG_ENABLE_MODULES = YES;
				EMBEDDED_CONTENT_CONTAINS_SWIFT = YES;
				FRAMEWORK_SEARCH_PATHS = (
					"$(inherited)",
					"$(PLATFORM_DIR)/Developer/Library/Frameworks",
				);
				HEADER_SEARCH_PATHS = "$(inherited)";
				INFOPLIST_FILE = SectionKit.xcodeproj/SectionKitTests_Info.plist;
				IPHONEOS_DEPLOYMENT_TARGET = 9.0;
				LD_RUNPATH_SEARCH_PATHS = "$(inherited) @loader_path/../Frameworks @loader_path/Frameworks";
				MACOSX_DEPLOYMENT_TARGET = 10.10;
				OTHER_CFLAGS = "$(inherited)";
				OTHER_LDFLAGS = "$(inherited)";
				OTHER_SWIFT_FLAGS = "$(inherited)";
				SWIFT_ACTIVE_COMPILATION_CONDITIONS = "$(inherited)";
				SWIFT_VERSION = 5.0;
				TARGET_NAME = SectionKitTests;
				TVOS_DEPLOYMENT_TARGET = 9.0;
				WATCHOS_DEPLOYMENT_TARGET = 2.0;
			};
			name = Debug;
		};
		OBJ_173 /* Release */ = {
			isa = XCBuildConfiguration;
			buildSettings = {
				CLANG_ENABLE_MODULES = YES;
				EMBEDDED_CONTENT_CONTAINS_SWIFT = YES;
				FRAMEWORK_SEARCH_PATHS = (
					"$(inherited)",
					"$(PLATFORM_DIR)/Developer/Library/Frameworks",
				);
				HEADER_SEARCH_PATHS = "$(inherited)";
				INFOPLIST_FILE = SectionKit.xcodeproj/SectionKitTests_Info.plist;
				IPHONEOS_DEPLOYMENT_TARGET = 9.0;
				LD_RUNPATH_SEARCH_PATHS = "$(inherited) @loader_path/../Frameworks @loader_path/Frameworks";
				MACOSX_DEPLOYMENT_TARGET = 10.10;
				OTHER_CFLAGS = "$(inherited)";
				OTHER_LDFLAGS = "$(inherited)";
				OTHER_SWIFT_FLAGS = "$(inherited)";
				SWIFT_ACTIVE_COMPILATION_CONDITIONS = "$(inherited)";
				SWIFT_VERSION = 5.0;
				TARGET_NAME = SectionKitTests;
				TVOS_DEPLOYMENT_TARGET = 9.0;
				WATCHOS_DEPLOYMENT_TARGET = 2.0;
			};
			name = Release;
		};
		OBJ_3 /* Debug */ = {
			isa = XCBuildConfiguration;
			buildSettings = {
				CLANG_ENABLE_OBJC_ARC = YES;
				COMBINE_HIDPI_IMAGES = YES;
				COPY_PHASE_STRIP = NO;
				DEBUG_INFORMATION_FORMAT = dwarf;
				DYLIB_INSTALL_NAME_BASE = "@rpath";
				ENABLE_NS_ASSERTIONS = YES;
				GCC_OPTIMIZATION_LEVEL = 0;
				GCC_PREPROCESSOR_DEFINITIONS = (
					"$(inherited)",
					"SWIFT_PACKAGE=1",
					"DEBUG=1",
				);
				MACOSX_DEPLOYMENT_TARGET = 10.10;
				ONLY_ACTIVE_ARCH = YES;
				OTHER_SWIFT_FLAGS = "$(inherited) -DXcode";
				PRODUCT_NAME = "$(TARGET_NAME)";
				SDKROOT = macosx;
				SUPPORTED_PLATFORMS = "macosx iphoneos iphonesimulator appletvos appletvsimulator watchos watchsimulator";
				SWIFT_ACTIVE_COMPILATION_CONDITIONS = "$(inherited) SWIFT_PACKAGE DEBUG";
				SWIFT_OPTIMIZATION_LEVEL = "-Onone";
				USE_HEADERMAP = NO;
			};
			name = Debug;
		};
		OBJ_4 /* Release */ = {
			isa = XCBuildConfiguration;
			buildSettings = {
				CLANG_ENABLE_OBJC_ARC = YES;
				COMBINE_HIDPI_IMAGES = YES;
				COPY_PHASE_STRIP = YES;
				DEBUG_INFORMATION_FORMAT = "dwarf-with-dsym";
				DYLIB_INSTALL_NAME_BASE = "@rpath";
				GCC_OPTIMIZATION_LEVEL = s;
				GCC_PREPROCESSOR_DEFINITIONS = (
					"$(inherited)",
					"SWIFT_PACKAGE=1",
				);
				MACOSX_DEPLOYMENT_TARGET = 10.10;
				OTHER_SWIFT_FLAGS = "$(inherited) -DXcode";
				PRODUCT_NAME = "$(TARGET_NAME)";
				SDKROOT = macosx;
				SUPPORTED_PLATFORMS = "macosx iphoneos iphonesimulator appletvos appletvsimulator watchos watchsimulator";
				SWIFT_ACTIVE_COMPILATION_CONDITIONS = "$(inherited) SWIFT_PACKAGE";
				SWIFT_OPTIMIZATION_LEVEL = "-Owholemodule";
				USE_HEADERMAP = NO;
			};
			name = Release;
		};
/* End XCBuildConfiguration section */

/* Begin XCConfigurationList section */
		OBJ_106 /* Build configuration list for PBXNativeTarget "DiffingSectionKit" */ = {
			isa = XCConfigurationList;
			buildConfigurations = (
				OBJ_107 /* Debug */,
				OBJ_108 /* Release */,
			);
			defaultConfigurationIsVisible = 0;
			defaultConfigurationName = Release;
		};
		OBJ_121 /* Build configuration list for PBXNativeTarget "SectionKit" */ = {
			isa = XCConfigurationList;
			buildConfigurations = (
				OBJ_122 /* Debug */,
				OBJ_123 /* Release */,
			);
			defaultConfigurationIsVisible = 0;
			defaultConfigurationName = Release;
		};
		OBJ_171 /* Build configuration list for PBXNativeTarget "SectionKitTests" */ = {
			isa = XCConfigurationList;
			buildConfigurations = (
				OBJ_172 /* Debug */,
				OBJ_173 /* Release */,
			);
			defaultConfigurationIsVisible = 0;
			defaultConfigurationName = Release;
		};
		OBJ_2 /* Build configuration list for PBXProject "SectionKit" */ = {
			isa = XCConfigurationList;
			buildConfigurations = (
				OBJ_3 /* Debug */,
				OBJ_4 /* Release */,
			);
			defaultConfigurationIsVisible = 0;
			defaultConfigurationName = Release;
		};
/* End XCConfigurationList section */
	};
	rootObject = OBJ_1 /* Project object */;
}
