// !$*UTF8*$!
{
	archiveVersion = 1;
	classes = {
	};
	objectVersion = 50;
	objects = {

/* Begin PBXBuildFile section */
		5A0B774526AED0F600B054D4 /* BaseCollectionViewAdapterUICollectionViewDelegateFlowLayoutTests.swift in Sources */ = {isa = PBXBuildFile; fileRef = 5A0B774426AED0F600B054D4 /* BaseCollectionViewAdapterUICollectionViewDelegateFlowLayoutTests.swift */; };
		5A0B774726AEE24700B054D4 /* MockSectionFlowDelegate.swift in Sources */ = {isa = PBXBuildFile; fileRef = 5A0B774626AEE24700B054D4 /* MockSectionFlowDelegate.swift */; };
		5A0B774926AEEB2200B054D4 /* ListCollectionViewAdapterUICollectionViewDelegateFlowLayoutTests.swift in Sources */ = {isa = PBXBuildFile; fileRef = 5A0B774826AEEB2200B054D4 /* ListCollectionViewAdapterUICollectionViewDelegateFlowLayoutTests.swift */; };
		5A0B774B26AEEB3100B054D4 /* SingleSectionCollectionViewAdapterUICollectionViewDelegateFlowLayoutTests.swift in Sources */ = {isa = PBXBuildFile; fileRef = 5A0B774A26AEEB3100B054D4 /* SingleSectionCollectionViewAdapterUICollectionViewDelegateFlowLayoutTests.swift */; };
		5A0B774E26AF0C2100B054D4 /* BaseCollectionViewAdapterUIScrollViewDelegateTests.swift in Sources */ = {isa = PBXBuildFile; fileRef = 5A0B774D26AF0C2100B054D4 /* BaseCollectionViewAdapterUIScrollViewDelegateTests.swift */; };
		5A0B775026AF0CAB00B054D4 /* ListCollectionViewAdapterUIScrollViewDelegateTests.swift in Sources */ = {isa = PBXBuildFile; fileRef = 5A0B774F26AF0CAB00B054D4 /* ListCollectionViewAdapterUIScrollViewDelegateTests.swift */; };
		5A0B775226AF0CB800B054D4 /* SingleSectionCollectionViewAdapterUIScrollViewDelegateTests.swift in Sources */ = {isa = PBXBuildFile; fileRef = 5A0B775126AF0CB800B054D4 /* SingleSectionCollectionViewAdapterUIScrollViewDelegateTests.swift */; };
		5A0B775426AFF4D500B054D4 /* MockScrollViewDelegate.swift in Sources */ = {isa = PBXBuildFile; fileRef = 5A0B775326AFF4D500B054D4 /* MockScrollViewDelegate.swift */; };
		5A0B775626B0050800B054D4 /* MockSectionDropDelegate.swift in Sources */ = {isa = PBXBuildFile; fileRef = 5A0B775526B0050800B054D4 /* MockSectionDropDelegate.swift */; };
		5A0B775926B0069700B054D4 /* BaseCollectionViewAdapterUICollectionViewDropDelegateTests.swift in Sources */ = {isa = PBXBuildFile; fileRef = 5A0B775826B0069700B054D4 /* BaseCollectionViewAdapterUICollectionViewDropDelegateTests.swift */; };
		5A0B775B26B006AA00B054D4 /* ListCollectionViewAdapterUICollectionViewDropDelegateTests.swift in Sources */ = {isa = PBXBuildFile; fileRef = 5A0B775A26B006AA00B054D4 /* ListCollectionViewAdapterUICollectionViewDropDelegateTests.swift */; };
		5A0B775D26B006B900B054D4 /* SingleSectionCollectionViewAdapterUICollectionViewDropDelegateTests.swift in Sources */ = {isa = PBXBuildFile; fileRef = 5A0B775C26B006B900B054D4 /* SingleSectionCollectionViewAdapterUICollectionViewDropDelegateTests.swift */; };
		5A0B776126B1445900B054D4 /* MockSectionDragDelegate.swift in Sources */ = {isa = PBXBuildFile; fileRef = 5A0B776026B1445900B054D4 /* MockSectionDragDelegate.swift */; };
		5A0B776426B146D000B054D4 /* BaseCollectionViewAdapterUICollectionViewDragDelegateTests.swift in Sources */ = {isa = PBXBuildFile; fileRef = 5A0B776326B146D000B054D4 /* BaseCollectionViewAdapterUICollectionViewDragDelegateTests.swift */; };
		5A0B776626B146EC00B054D4 /* ListCollectionViewAdapterUICollectionViewDragDelegateTests.swift in Sources */ = {isa = PBXBuildFile; fileRef = 5A0B776526B146EC00B054D4 /* ListCollectionViewAdapterUICollectionViewDragDelegateTests.swift */; };
		5A0B776826B146F900B054D4 /* SingleSectionCollectionViewAdapterUICollectionViewDragDelegateTests.swift in Sources */ = {isa = PBXBuildFile; fileRef = 5A0B776726B146F800B054D4 /* SingleSectionCollectionViewAdapterUICollectionViewDragDelegateTests.swift */; };
		5A0B776A26B1826100B054D4 /* ListCollectionViewAdapterTests.swift in Sources */ = {isa = PBXBuildFile; fileRef = 5A0B776926B1826100B054D4 /* ListCollectionViewAdapterTests.swift */; };
		5A0B776C26B1828400B054D4 /* SingleSectionCollectionViewAdapterTests.swift in Sources */ = {isa = PBXBuildFile; fileRef = 5A0B776B26B1828400B054D4 /* SingleSectionCollectionViewAdapterTests.swift */; };
		5A0B776E26B19E8C00B054D4 /* MockSingleSectionCollectionViewAdapterDataSource.swift in Sources */ = {isa = PBXBuildFile; fileRef = 5A0B776D26B19E8C00B054D4 /* MockSingleSectionCollectionViewAdapterDataSource.swift */; };
		5A0B777026B19EB300B054D4 /* MockListCollectionViewAdapterDataSource.swift in Sources */ = {isa = PBXBuildFile; fileRef = 5A0B776F26B19EB300B054D4 /* MockListCollectionViewAdapterDataSource.swift */; };
		5A0B777226B1A13B00B054D4 /* SequenceGroupTests.swift in Sources */ = {isa = PBXBuildFile; fileRef = 5A0B777126B1A13B00B054D4 /* SequenceGroupTests.swift */; };
		5A0B777426B1A51C00B054D4 /* IndexPathIsValidTests.swift in Sources */ = {isa = PBXBuildFile; fileRef = 5A0B777326B1A51C00B054D4 /* IndexPathIsValidTests.swift */; };
		5A0B777626B1A5F400B054D4 /* ArraySectionIndexPathTests.swift in Sources */ = {isa = PBXBuildFile; fileRef = 5A0B777526B1A5F400B054D4 /* ArraySectionIndexPathTests.swift */; };
		5A0B777826B1A6AD00B054D4 /* CollectionExtensionsTests.swift in Sources */ = {isa = PBXBuildFile; fileRef = 5A0B777726B1A6AD00B054D4 /* CollectionExtensionsTests.swift */; };
		5A0B777A26B1A81300B054D4 /* MainCollectionViewContextTests.swift in Sources */ = {isa = PBXBuildFile; fileRef = 5A0B777926B1A81300B054D4 /* MainCollectionViewContextTests.swift */; };
		5A98000B2678D6BD00378EB5 /* Array+SectionIndexPath.swift in Sources */ = {isa = PBXBuildFile; fileRef = 5A98000A2678D6BD00378EB5 /* Array+SectionIndexPath.swift */; };
		5AA9D95226AAA5E000679D88 /* MockCollectionViewCell.swift in Sources */ = {isa = PBXBuildFile; fileRef = 5AA9D95126AAA5E000679D88 /* MockCollectionViewCell.swift */; };
		5AA9D95426AAA5EA00679D88 /* MockCollectionReusableView.swift in Sources */ = {isa = PBXBuildFile; fileRef = 5AA9D95326AAA5EA00679D88 /* MockCollectionReusableView.swift */; };
		5AA9D95626AAA61700679D88 /* MockErrorHandler.swift in Sources */ = {isa = PBXBuildFile; fileRef = 5AA9D95526AAA61700679D88 /* MockErrorHandler.swift */; };
		5AA9D95826AAA65900679D88 /* ListCollectionViewAdapterUICollectionViewDataSourceTests.swift in Sources */ = {isa = PBXBuildFile; fileRef = 5AA9D95726AAA65900679D88 /* ListCollectionViewAdapterUICollectionViewDataSourceTests.swift */; };
		5AA9D95A26AAA92600679D88 /* SingleSectionCollectionViewAdapterUICollectionViewDataSourceTests.swift in Sources */ = {isa = PBXBuildFile; fileRef = 5AA9D95926AAA92600679D88 /* SingleSectionCollectionViewAdapterUICollectionViewDataSourceTests.swift */; };
		5AA9D95F26AABF1300679D88 /* BaseCollectionViewAdapterUICollectionViewDataSourcePrefetchingTests.swift in Sources */ = {isa = PBXBuildFile; fileRef = 5AA9D95D26AABF0E00679D88 /* BaseCollectionViewAdapterUICollectionViewDataSourcePrefetchingTests.swift */; };
		5AA9D96126AAC53A00679D88 /* MockSectionDataSourcePrefetchingDelegate.swift in Sources */ = {isa = PBXBuildFile; fileRef = 5AA9D96026AAC53A00679D88 /* MockSectionDataSourcePrefetchingDelegate.swift */; };
		5AA9D96326AAC65200679D88 /* ListCollectionViewAdapterUICollectionViewDataSourcePrefetchingTests.swift in Sources */ = {isa = PBXBuildFile; fileRef = 5AA9D96226AAC65200679D88 /* ListCollectionViewAdapterUICollectionViewDataSourcePrefetchingTests.swift */; };
		5AA9D96526AAC66500679D88 /* SingleSectionCollectionViewAdapterUICollectionViewDataSourcePrefetchingTests.swift in Sources */ = {isa = PBXBuildFile; fileRef = 5AA9D96426AAC66500679D88 /* SingleSectionCollectionViewAdapterUICollectionViewDataSourcePrefetchingTests.swift */; };
		5AA9D96826AAC9AF00679D88 /* BaseCollectionViewAdapterUICollectionViewDelegateTests.swift in Sources */ = {isa = PBXBuildFile; fileRef = 5AA9D96726AAC9AF00679D88 /* BaseCollectionViewAdapterUICollectionViewDelegateTests.swift */; };
		5AA9D96A26AACACF00679D88 /* MockSectionDelegate.swift in Sources */ = {isa = PBXBuildFile; fileRef = 5AA9D96926AACACF00679D88 /* MockSectionDelegate.swift */; };
		5AA9D96C26AAD05400679D88 /* ListCollectionViewAdapterUICollectionViewDelegateTests.swift in Sources */ = {isa = PBXBuildFile; fileRef = 5AA9D96B26AAD05400679D88 /* ListCollectionViewAdapterUICollectionViewDelegateTests.swift */; };
		5AA9D96E26AAD06100679D88 /* SingleSectionCollectionViewAdapterUICollectionViewDelegateTests.swift in Sources */ = {isa = PBXBuildFile; fileRef = 5AA9D96D26AAD06100679D88 /* SingleSectionCollectionViewAdapterUICollectionViewDelegateTests.swift */; };
		5AB6642926A587AE004DC230 /* CollectionViewContextSizeTests.swift in Sources */ = {isa = PBXBuildFile; fileRef = 5AB6642826A587AE004DC230 /* CollectionViewContextSizeTests.swift */; };
		5AB6643026A59626004DC230 /* BaseCollectionViewAdapterUICollectionViewDataSourceTests.swift in Sources */ = {isa = PBXBuildFile; fileRef = 5AB6642F26A59626004DC230 /* BaseCollectionViewAdapterUICollectionViewDataSourceTests.swift */; };
		5AB6644426A85463004DC230 /* Error.swift in Sources */ = {isa = PBXBuildFile; fileRef = 5AB6644326A85463004DC230 /* Error.swift */; };
		5AB6644626A854A9004DC230 /* ErrorHandling.swift in Sources */ = {isa = PBXBuildFile; fileRef = 5AB6644526A854A9004DC230 /* ErrorHandling.swift */; };
		5AB6644926A86F4D004DC230 /* MockSectionDataSource.swift in Sources */ = {isa = PBXBuildFile; fileRef = 5AB6644826A86F4D004DC230 /* MockSectionDataSource.swift */; };
		5AB6644B26A86F7A004DC230 /* MockSectionController.swift in Sources */ = {isa = PBXBuildFile; fileRef = 5AB6644A26A86F7A004DC230 /* MockSectionController.swift */; };
		5AE175552667D60000D4DCE1 /* SectionKit.framework in Frameworks */ = {isa = PBXBuildFile; fileRef = 5AE1754B2667D60000D4DCE1 /* SectionKit.framework */; };
		5AE175DE2667DA3F00D4DCE1 /* Sequence+Unique.swift in Sources */ = {isa = PBXBuildFile; fileRef = 5AE175A22667DA3E00D4DCE1 /* Sequence+Unique.swift */; };
		5AE175DF2667DA3F00D4DCE1 /* CollectionDifference+Changes.swift in Sources */ = {isa = PBXBuildFile; fileRef = 5AE175A32667DA3E00D4DCE1 /* CollectionDifference+Changes.swift */; };
		5AE175E02667DA3F00D4DCE1 /* Move.swift in Sources */ = {isa = PBXBuildFile; fileRef = 5AE175A42667DA3E00D4DCE1 /* Move.swift */; };
		5AE175E12667DA3F00D4DCE1 /* IndexPath+IsValid.swift in Sources */ = {isa = PBXBuildFile; fileRef = 5AE175A52667DA3E00D4DCE1 /* IndexPath+IsValid.swift */; };
		5AE175E22667DA3F00D4DCE1 /* Sequence+Group.swift in Sources */ = {isa = PBXBuildFile; fileRef = 5AE175A62667DA3E00D4DCE1 /* Sequence+Group.swift */; };
		5AE175E32667DA3F00D4DCE1 /* UICollectionView+Apply.swift in Sources */ = {isa = PBXBuildFile; fileRef = 5AE175A72667DA3E00D4DCE1 /* UICollectionView+Apply.swift */; };
		5AE175E42667DA3F00D4DCE1 /* Collection+Extensions.swift in Sources */ = {isa = PBXBuildFile; fileRef = 5AE175A82667DA3E00D4DCE1 /* Collection+Extensions.swift */; };
		5AE175E52667DA3F00D4DCE1 /* SectionDropDelegate.swift in Sources */ = {isa = PBXBuildFile; fileRef = 5AE175AA2667DA3E00D4DCE1 /* SectionDropDelegate.swift */; };
		5AE175E62667DA3F00D4DCE1 /* SectionDataSource.swift in Sources */ = {isa = PBXBuildFile; fileRef = 5AE175AB2667DA3E00D4DCE1 /* SectionDataSource.swift */; };
		5AE175E72667DA3F00D4DCE1 /* SectionFlowDelegate.swift in Sources */ = {isa = PBXBuildFile; fileRef = 5AE175AC2667DA3E00D4DCE1 /* SectionFlowDelegate.swift */; };
		5AE175E82667DA3F00D4DCE1 /* CollectionViewContext+CollectionViewSectionUpdate.swift in Sources */ = {isa = PBXBuildFile; fileRef = 5AE175AE2667DA3E00D4DCE1 /* CollectionViewContext+CollectionViewSectionUpdate.swift */; };
		5AE175E92667DA3F00D4DCE1 /* CollectionViewSectionBatchOperation.swift in Sources */ = {isa = PBXBuildFile; fileRef = 5AE175AF2667DA3E00D4DCE1 /* CollectionViewSectionBatchOperation.swift */; };
		5AE175EA2667DA3F00D4DCE1 /* CollectionViewSectionUpdate.swift in Sources */ = {isa = PBXBuildFile; fileRef = 5AE175B02667DA3E00D4DCE1 /* CollectionViewSectionUpdate.swift */; };
		5AE175EB2667DA3F00D4DCE1 /* SectionDataSourcePrefetchingDelegate.swift in Sources */ = {isa = PBXBuildFile; fileRef = 5AE175B12667DA3E00D4DCE1 /* SectionDataSourcePrefetchingDelegate.swift */; };
		5AE175EC2667DA3F00D4DCE1 /* SectionIndexPath.swift in Sources */ = {isa = PBXBuildFile; fileRef = 5AE175B22667DA3E00D4DCE1 /* SectionIndexPath.swift */; };
		5AE175ED2667DA3F00D4DCE1 /* SectionDelegate.swift in Sources */ = {isa = PBXBuildFile; fileRef = 5AE175B32667DA3E00D4DCE1 /* SectionDelegate.swift */; };
		5AE175EE2667DA3F00D4DCE1 /* BaseSectionController.swift in Sources */ = {isa = PBXBuildFile; fileRef = 5AE175B52667DA3E00D4DCE1 /* BaseSectionController.swift */; };
		5AE175EF2667DA3F00D4DCE1 /* ListSectionController.swift in Sources */ = {isa = PBXBuildFile; fileRef = 5AE175B62667DA3E00D4DCE1 /* ListSectionController.swift */; };
		5AE175F02667DA3F00D4DCE1 /* SingleItemSectionController.swift in Sources */ = {isa = PBXBuildFile; fileRef = 5AE175B72667DA3F00D4DCE1 /* SingleItemSectionController.swift */; };
		5AE175F12667DA3F00D4DCE1 /* SingleModelSectionController.swift in Sources */ = {isa = PBXBuildFile; fileRef = 5AE175B82667DA3F00D4DCE1 /* SingleModelSectionController.swift */; };
		5AE175F22667DA3F00D4DCE1 /* FoundationDiffingListSectionController.swift in Sources */ = {isa = PBXBuildFile; fileRef = 5AE175B92667DA3F00D4DCE1 /* FoundationDiffingListSectionController.swift */; };
		5AE175F32667DA3F00D4DCE1 /* SectionController.swift in Sources */ = {isa = PBXBuildFile; fileRef = 5AE175BA2667DA3F00D4DCE1 /* SectionController.swift */; };
		5AE175F42667DA3F00D4DCE1 /* SectionDragDelegate.swift in Sources */ = {isa = PBXBuildFile; fileRef = 5AE175BB2667DA3F00D4DCE1 /* SectionDragDelegate.swift */; };
		5AE175F52667DA3F00D4DCE1 /* CollectionViewAdapter.swift in Sources */ = {isa = PBXBuildFile; fileRef = 5AE175BD2667DA3F00D4DCE1 /* CollectionViewAdapter.swift */; };
		5AE175F62667DA3F00D4DCE1 /* CollectionViewContext+Size.swift in Sources */ = {isa = PBXBuildFile; fileRef = 5AE175BF2667DA3F00D4DCE1 /* CollectionViewContext+Size.swift */; };
		5AE175F72667DA3F00D4DCE1 /* CollectionViewContext.swift in Sources */ = {isa = PBXBuildFile; fileRef = 5AE175C02667DA3F00D4DCE1 /* CollectionViewContext.swift */; };
		5AE175F82667DA3F00D4DCE1 /* MainCollectionViewContext.swift in Sources */ = {isa = PBXBuildFile; fileRef = 5AE175C12667DA3F00D4DCE1 /* MainCollectionViewContext.swift */; };
		5AE175F92667DA3F00D4DCE1 /* CollectionViewBatchOperation.swift in Sources */ = {isa = PBXBuildFile; fileRef = 5AE175C32667DA3F00D4DCE1 /* CollectionViewBatchOperation.swift */; };
		5AE175FA2667DA3F00D4DCE1 /* CollectionViewContext+CollectionViewUpdate.swift in Sources */ = {isa = PBXBuildFile; fileRef = 5AE175C42667DA3F00D4DCE1 /* CollectionViewContext+CollectionViewUpdate.swift */; };
		5AE175FB2667DA3F00D4DCE1 /* CollectionViewUpdate.swift in Sources */ = {isa = PBXBuildFile; fileRef = 5AE175C52667DA3F00D4DCE1 /* CollectionViewUpdate.swift */; };
		5AE175FC2667DA3F00D4DCE1 /* ListCollectionViewAdapter+Convenience.swift in Sources */ = {isa = PBXBuildFile; fileRef = 5AE175C72667DA3F00D4DCE1 /* ListCollectionViewAdapter+Convenience.swift */; };
		5AE175FD2667DA3F00D4DCE1 /* ListCollectionViewAdapter+UICollectionViewDropDelegate.swift in Sources */ = {isa = PBXBuildFile; fileRef = 5AE175C82667DA3F00D4DCE1 /* ListCollectionViewAdapter+UICollectionViewDropDelegate.swift */; };
		5AE175FE2667DA3F00D4DCE1 /* ListCollectionViewAdapter+UICollectionViewDataSource.swift in Sources */ = {isa = PBXBuildFile; fileRef = 5AE175C92667DA3F00D4DCE1 /* ListCollectionViewAdapter+UICollectionViewDataSource.swift */; };
		5AE175FF2667DA3F00D4DCE1 /* ListCollectionViewAdapter+UICollectionViewDataSourcePrefetching.swift in Sources */ = {isa = PBXBuildFile; fileRef = 5AE175CA2667DA3F00D4DCE1 /* ListCollectionViewAdapter+UICollectionViewDataSourcePrefetching.swift */; };
		5AE176002667DA3F00D4DCE1 /* ListCollectionViewAdapter+UICollectionViewDelegateFlowLayout.swift in Sources */ = {isa = PBXBuildFile; fileRef = 5AE175CB2667DA3F00D4DCE1 /* ListCollectionViewAdapter+UICollectionViewDelegateFlowLayout.swift */; };
		5AE176012667DA3F00D4DCE1 /* ListCollectionViewAdapter+UICollectionViewDelegate.swift in Sources */ = {isa = PBXBuildFile; fileRef = 5AE175CC2667DA3F00D4DCE1 /* ListCollectionViewAdapter+UICollectionViewDelegate.swift */; };
		5AE176022667DA3F00D4DCE1 /* ListCollectionViewAdapter+UIScrollViewDelegate.swift in Sources */ = {isa = PBXBuildFile; fileRef = 5AE175CD2667DA3F00D4DCE1 /* ListCollectionViewAdapter+UIScrollViewDelegate.swift */; };
		5AE176032667DA3F00D4DCE1 /* ListCollectionViewAdapter.swift in Sources */ = {isa = PBXBuildFile; fileRef = 5AE175CE2667DA3F00D4DCE1 /* ListCollectionViewAdapter.swift */; };
		5AE176042667DA3F00D4DCE1 /* ListCollectionViewAdapter+UICollectionViewDragDelegate.swift in Sources */ = {isa = PBXBuildFile; fileRef = 5AE175CF2667DA3F00D4DCE1 /* ListCollectionViewAdapter+UICollectionViewDragDelegate.swift */; };
		5AE176052667DA3F00D4DCE1 /* FoundationDiffingListCollectionViewAdapter.swift in Sources */ = {isa = PBXBuildFile; fileRef = 5AE175D02667DA3F00D4DCE1 /* FoundationDiffingListCollectionViewAdapter.swift */; };
		5AE176062667DA3F00D4DCE1 /* ListCollectionViewAdapterDataSource.swift in Sources */ = {isa = PBXBuildFile; fileRef = 5AE175D12667DA3F00D4DCE1 /* ListCollectionViewAdapterDataSource.swift */; };
		5AE176072667DA3F00D4DCE1 /* Section.swift in Sources */ = {isa = PBXBuildFile; fileRef = 5AE175D22667DA3F00D4DCE1 /* Section.swift */; };
		5AE176082667DA3F00D4DCE1 /* SingleSectionCollectionViewAdapter+UICollectionViewDelegateFlowLayout.swift in Sources */ = {isa = PBXBuildFile; fileRef = 5AE175D42667DA3F00D4DCE1 /* SingleSectionCollectionViewAdapter+UICollectionViewDelegateFlowLayout.swift */; };
		5AE176092667DA3F00D4DCE1 /* SingleSectionCollectionViewAdapter+UICollectionViewDelegate.swift in Sources */ = {isa = PBXBuildFile; fileRef = 5AE175D52667DA3F00D4DCE1 /* SingleSectionCollectionViewAdapter+UICollectionViewDelegate.swift */; };
		5AE1760A2667DA3F00D4DCE1 /* SingleSectionCollectionViewAdapter+UICollectionViewDataSourcePrefetching.swift in Sources */ = {isa = PBXBuildFile; fileRef = 5AE175D62667DA3F00D4DCE1 /* SingleSectionCollectionViewAdapter+UICollectionViewDataSourcePrefetching.swift */; };
		5AE1760B2667DA3F00D4DCE1 /* SingleSectionCollectionViewAdapter+UICollectionViewDropDelegate.swift in Sources */ = {isa = PBXBuildFile; fileRef = 5AE175D72667DA3F00D4DCE1 /* SingleSectionCollectionViewAdapter+UICollectionViewDropDelegate.swift */; };
		5AE1760C2667DA3F00D4DCE1 /* SingleSectionCollectionViewAdapter+UIScrollViewDelegate.swift in Sources */ = {isa = PBXBuildFile; fileRef = 5AE175D82667DA3F00D4DCE1 /* SingleSectionCollectionViewAdapter+UIScrollViewDelegate.swift */; };
		5AE1760D2667DA3F00D4DCE1 /* SingleSectionCollectionViewAdapter+UICollectionViewDragDelegate.swift in Sources */ = {isa = PBXBuildFile; fileRef = 5AE175D92667DA3F00D4DCE1 /* SingleSectionCollectionViewAdapter+UICollectionViewDragDelegate.swift */; };
		5AE1760E2667DA3F00D4DCE1 /* SingleSectionCollectionViewAdapterDataSource.swift in Sources */ = {isa = PBXBuildFile; fileRef = 5AE175DA2667DA3F00D4DCE1 /* SingleSectionCollectionViewAdapterDataSource.swift */; };
		5AE1760F2667DA3F00D4DCE1 /* SingleSectionCollectionViewAdapter+UICollectionViewDataSource.swift in Sources */ = {isa = PBXBuildFile; fileRef = 5AE175DB2667DA3F00D4DCE1 /* SingleSectionCollectionViewAdapter+UICollectionViewDataSource.swift */; };
		5AE176102667DA3F00D4DCE1 /* SingleSectionCollectionViewAdapter+Convenience.swift in Sources */ = {isa = PBXBuildFile; fileRef = 5AE175DC2667DA3F00D4DCE1 /* SingleSectionCollectionViewAdapter+Convenience.swift */; };
		5AE176112667DA3F00D4DCE1 /* SingleSectionCollectionViewAdapter.swift in Sources */ = {isa = PBXBuildFile; fileRef = 5AE175DD2667DA3F00D4DCE1 /* SingleSectionCollectionViewAdapter.swift */; };
		5AE1761B2667DA7000D4DCE1 /* SectionIndexPathTests.swift in Sources */ = {isa = PBXBuildFile; fileRef = 5AE176132667DA7000D4DCE1 /* SectionIndexPathTests.swift */; };
		5AE1761C2667DA7000D4DCE1 /* SectionBatchOperationTests.swift in Sources */ = {isa = PBXBuildFile; fileRef = 5AE176152667DA7000D4DCE1 /* SectionBatchOperationTests.swift */; };
		5AE1761D2667DA7000D4DCE1 /* SectionUpdateTests.swift in Sources */ = {isa = PBXBuildFile; fileRef = 5AE176162667DA7000D4DCE1 /* SectionUpdateTests.swift */; };
		5AE1761E2667DA7000D4DCE1 /* SequenceUniqueTests.swift in Sources */ = {isa = PBXBuildFile; fileRef = 5AE176182667DA7000D4DCE1 /* SequenceUniqueTests.swift */; };
/* End PBXBuildFile section */

/* Begin PBXContainerItemProxy section */
		5AE175562667D60000D4DCE1 /* PBXContainerItemProxy */ = {
			isa = PBXContainerItemProxy;
			containerPortal = 5AE175422667D60000D4DCE1 /* Project object */;
			proxyType = 1;
			remoteGlobalIDString = 5AE1754A2667D60000D4DCE1;
			remoteInfo = SectionKit;
		};
/* End PBXContainerItemProxy section */

/* Begin PBXFileReference section */
		5A0B774426AED0F600B054D4 /* BaseCollectionViewAdapterUICollectionViewDelegateFlowLayoutTests.swift */ = {isa = PBXFileReference; lastKnownFileType = sourcecode.swift; path = BaseCollectionViewAdapterUICollectionViewDelegateFlowLayoutTests.swift; sourceTree = "<group>"; };
		5A0B774626AEE24700B054D4 /* MockSectionFlowDelegate.swift */ = {isa = PBXFileReference; lastKnownFileType = sourcecode.swift; path = MockSectionFlowDelegate.swift; sourceTree = "<group>"; };
		5A0B774826AEEB2200B054D4 /* ListCollectionViewAdapterUICollectionViewDelegateFlowLayoutTests.swift */ = {isa = PBXFileReference; lastKnownFileType = sourcecode.swift; path = ListCollectionViewAdapterUICollectionViewDelegateFlowLayoutTests.swift; sourceTree = "<group>"; };
		5A0B774A26AEEB3100B054D4 /* SingleSectionCollectionViewAdapterUICollectionViewDelegateFlowLayoutTests.swift */ = {isa = PBXFileReference; lastKnownFileType = sourcecode.swift; path = SingleSectionCollectionViewAdapterUICollectionViewDelegateFlowLayoutTests.swift; sourceTree = "<group>"; };
		5A0B774D26AF0C2100B054D4 /* BaseCollectionViewAdapterUIScrollViewDelegateTests.swift */ = {isa = PBXFileReference; lastKnownFileType = sourcecode.swift; path = BaseCollectionViewAdapterUIScrollViewDelegateTests.swift; sourceTree = "<group>"; };
		5A0B774F26AF0CAB00B054D4 /* ListCollectionViewAdapterUIScrollViewDelegateTests.swift */ = {isa = PBXFileReference; lastKnownFileType = sourcecode.swift; path = ListCollectionViewAdapterUIScrollViewDelegateTests.swift; sourceTree = "<group>"; };
		5A0B775126AF0CB800B054D4 /* SingleSectionCollectionViewAdapterUIScrollViewDelegateTests.swift */ = {isa = PBXFileReference; lastKnownFileType = sourcecode.swift; path = SingleSectionCollectionViewAdapterUIScrollViewDelegateTests.swift; sourceTree = "<group>"; };
		5A0B775326AFF4D500B054D4 /* MockScrollViewDelegate.swift */ = {isa = PBXFileReference; lastKnownFileType = sourcecode.swift; path = MockScrollViewDelegate.swift; sourceTree = "<group>"; };
		5A0B775526B0050800B054D4 /* MockSectionDropDelegate.swift */ = {isa = PBXFileReference; lastKnownFileType = sourcecode.swift; path = MockSectionDropDelegate.swift; sourceTree = "<group>"; };
		5A0B775826B0069700B054D4 /* BaseCollectionViewAdapterUICollectionViewDropDelegateTests.swift */ = {isa = PBXFileReference; lastKnownFileType = sourcecode.swift; path = BaseCollectionViewAdapterUICollectionViewDropDelegateTests.swift; sourceTree = "<group>"; };
		5A0B775A26B006AA00B054D4 /* ListCollectionViewAdapterUICollectionViewDropDelegateTests.swift */ = {isa = PBXFileReference; lastKnownFileType = sourcecode.swift; path = ListCollectionViewAdapterUICollectionViewDropDelegateTests.swift; sourceTree = "<group>"; };
		5A0B775C26B006B900B054D4 /* SingleSectionCollectionViewAdapterUICollectionViewDropDelegateTests.swift */ = {isa = PBXFileReference; lastKnownFileType = sourcecode.swift; path = SingleSectionCollectionViewAdapterUICollectionViewDropDelegateTests.swift; sourceTree = "<group>"; };
		5A0B776026B1445900B054D4 /* MockSectionDragDelegate.swift */ = {isa = PBXFileReference; lastKnownFileType = sourcecode.swift; path = MockSectionDragDelegate.swift; sourceTree = "<group>"; };
		5A0B776326B146D000B054D4 /* BaseCollectionViewAdapterUICollectionViewDragDelegateTests.swift */ = {isa = PBXFileReference; lastKnownFileType = sourcecode.swift; path = BaseCollectionViewAdapterUICollectionViewDragDelegateTests.swift; sourceTree = "<group>"; };
		5A0B776526B146EC00B054D4 /* ListCollectionViewAdapterUICollectionViewDragDelegateTests.swift */ = {isa = PBXFileReference; lastKnownFileType = sourcecode.swift; path = ListCollectionViewAdapterUICollectionViewDragDelegateTests.swift; sourceTree = "<group>"; };
		5A0B776726B146F800B054D4 /* SingleSectionCollectionViewAdapterUICollectionViewDragDelegateTests.swift */ = {isa = PBXFileReference; lastKnownFileType = sourcecode.swift; path = SingleSectionCollectionViewAdapterUICollectionViewDragDelegateTests.swift; sourceTree = "<group>"; };
		5A0B776926B1826100B054D4 /* ListCollectionViewAdapterTests.swift */ = {isa = PBXFileReference; lastKnownFileType = sourcecode.swift; path = ListCollectionViewAdapterTests.swift; sourceTree = "<group>"; };
		5A0B776B26B1828400B054D4 /* SingleSectionCollectionViewAdapterTests.swift */ = {isa = PBXFileReference; lastKnownFileType = sourcecode.swift; path = SingleSectionCollectionViewAdapterTests.swift; sourceTree = "<group>"; };
		5A0B776D26B19E8C00B054D4 /* MockSingleSectionCollectionViewAdapterDataSource.swift */ = {isa = PBXFileReference; lastKnownFileType = sourcecode.swift; path = MockSingleSectionCollectionViewAdapterDataSource.swift; sourceTree = "<group>"; };
		5A0B776F26B19EB300B054D4 /* MockListCollectionViewAdapterDataSource.swift */ = {isa = PBXFileReference; lastKnownFileType = sourcecode.swift; path = MockListCollectionViewAdapterDataSource.swift; sourceTree = "<group>"; };
		5A0B777126B1A13B00B054D4 /* SequenceGroupTests.swift */ = {isa = PBXFileReference; lastKnownFileType = sourcecode.swift; path = SequenceGroupTests.swift; sourceTree = "<group>"; };
		5A0B777326B1A51C00B054D4 /* IndexPathIsValidTests.swift */ = {isa = PBXFileReference; lastKnownFileType = sourcecode.swift; path = IndexPathIsValidTests.swift; sourceTree = "<group>"; };
		5A0B777526B1A5F400B054D4 /* ArraySectionIndexPathTests.swift */ = {isa = PBXFileReference; lastKnownFileType = sourcecode.swift; path = ArraySectionIndexPathTests.swift; sourceTree = "<group>"; };
		5A0B777726B1A6AD00B054D4 /* CollectionExtensionsTests.swift */ = {isa = PBXFileReference; lastKnownFileType = sourcecode.swift; path = CollectionExtensionsTests.swift; sourceTree = "<group>"; };
		5A0B777926B1A81300B054D4 /* MainCollectionViewContextTests.swift */ = {isa = PBXFileReference; lastKnownFileType = sourcecode.swift; path = MainCollectionViewContextTests.swift; sourceTree = "<group>"; };
		5A98000A2678D6BD00378EB5 /* Array+SectionIndexPath.swift */ = {isa = PBXFileReference; lastKnownFileType = sourcecode.swift; path = "Array+SectionIndexPath.swift"; sourceTree = "<group>"; };
		5AA9D95126AAA5E000679D88 /* MockCollectionViewCell.swift */ = {isa = PBXFileReference; lastKnownFileType = sourcecode.swift; path = MockCollectionViewCell.swift; sourceTree = "<group>"; };
		5AA9D95326AAA5EA00679D88 /* MockCollectionReusableView.swift */ = {isa = PBXFileReference; lastKnownFileType = sourcecode.swift; path = MockCollectionReusableView.swift; sourceTree = "<group>"; };
		5AA9D95526AAA61700679D88 /* MockErrorHandler.swift */ = {isa = PBXFileReference; lastKnownFileType = sourcecode.swift; path = MockErrorHandler.swift; sourceTree = "<group>"; };
		5AA9D95726AAA65900679D88 /* ListCollectionViewAdapterUICollectionViewDataSourceTests.swift */ = {isa = PBXFileReference; lastKnownFileType = sourcecode.swift; path = ListCollectionViewAdapterUICollectionViewDataSourceTests.swift; sourceTree = "<group>"; };
		5AA9D95926AAA92600679D88 /* SingleSectionCollectionViewAdapterUICollectionViewDataSourceTests.swift */ = {isa = PBXFileReference; lastKnownFileType = sourcecode.swift; path = SingleSectionCollectionViewAdapterUICollectionViewDataSourceTests.swift; sourceTree = "<group>"; };
		5AA9D95D26AABF0E00679D88 /* BaseCollectionViewAdapterUICollectionViewDataSourcePrefetchingTests.swift */ = {isa = PBXFileReference; lastKnownFileType = sourcecode.swift; path = BaseCollectionViewAdapterUICollectionViewDataSourcePrefetchingTests.swift; sourceTree = "<group>"; };
		5AA9D96026AAC53A00679D88 /* MockSectionDataSourcePrefetchingDelegate.swift */ = {isa = PBXFileReference; lastKnownFileType = sourcecode.swift; path = MockSectionDataSourcePrefetchingDelegate.swift; sourceTree = "<group>"; };
		5AA9D96226AAC65200679D88 /* ListCollectionViewAdapterUICollectionViewDataSourcePrefetchingTests.swift */ = {isa = PBXFileReference; lastKnownFileType = sourcecode.swift; path = ListCollectionViewAdapterUICollectionViewDataSourcePrefetchingTests.swift; sourceTree = "<group>"; };
		5AA9D96426AAC66500679D88 /* SingleSectionCollectionViewAdapterUICollectionViewDataSourcePrefetchingTests.swift */ = {isa = PBXFileReference; lastKnownFileType = sourcecode.swift; path = SingleSectionCollectionViewAdapterUICollectionViewDataSourcePrefetchingTests.swift; sourceTree = "<group>"; };
		5AA9D96726AAC9AF00679D88 /* BaseCollectionViewAdapterUICollectionViewDelegateTests.swift */ = {isa = PBXFileReference; lastKnownFileType = sourcecode.swift; path = BaseCollectionViewAdapterUICollectionViewDelegateTests.swift; sourceTree = "<group>"; };
		5AA9D96926AACACF00679D88 /* MockSectionDelegate.swift */ = {isa = PBXFileReference; lastKnownFileType = sourcecode.swift; path = MockSectionDelegate.swift; sourceTree = "<group>"; };
		5AA9D96B26AAD05400679D88 /* ListCollectionViewAdapterUICollectionViewDelegateTests.swift */ = {isa = PBXFileReference; lastKnownFileType = sourcecode.swift; path = ListCollectionViewAdapterUICollectionViewDelegateTests.swift; sourceTree = "<group>"; };
		5AA9D96D26AAD06100679D88 /* SingleSectionCollectionViewAdapterUICollectionViewDelegateTests.swift */ = {isa = PBXFileReference; lastKnownFileType = sourcecode.swift; path = SingleSectionCollectionViewAdapterUICollectionViewDelegateTests.swift; sourceTree = "<group>"; };
		5AB6642826A587AE004DC230 /* CollectionViewContextSizeTests.swift */ = {isa = PBXFileReference; lastKnownFileType = sourcecode.swift; path = CollectionViewContextSizeTests.swift; sourceTree = "<group>"; };
		5AB6642F26A59626004DC230 /* BaseCollectionViewAdapterUICollectionViewDataSourceTests.swift */ = {isa = PBXFileReference; lastKnownFileType = sourcecode.swift; path = BaseCollectionViewAdapterUICollectionViewDataSourceTests.swift; sourceTree = "<group>"; };
		5AB6644326A85463004DC230 /* Error.swift */ = {isa = PBXFileReference; lastKnownFileType = sourcecode.swift; path = Error.swift; sourceTree = "<group>"; };
		5AB6644526A854A9004DC230 /* ErrorHandling.swift */ = {isa = PBXFileReference; lastKnownFileType = sourcecode.swift; path = ErrorHandling.swift; sourceTree = "<group>"; };
		5AB6644826A86F4D004DC230 /* MockSectionDataSource.swift */ = {isa = PBXFileReference; lastKnownFileType = sourcecode.swift; path = MockSectionDataSource.swift; sourceTree = "<group>"; };
		5AB6644A26A86F7A004DC230 /* MockSectionController.swift */ = {isa = PBXFileReference; lastKnownFileType = sourcecode.swift; path = MockSectionController.swift; sourceTree = "<group>"; };
		5AE1754B2667D60000D4DCE1 /* SectionKit.framework */ = {isa = PBXFileReference; explicitFileType = wrapper.framework; includeInIndex = 0; path = SectionKit.framework; sourceTree = BUILT_PRODUCTS_DIR; };
		5AE1754F2667D60000D4DCE1 /* Info.plist */ = {isa = PBXFileReference; lastKnownFileType = text.plist.xml; path = Info.plist; sourceTree = "<group>"; };
		5AE175542667D60000D4DCE1 /* SectionKitTests.xctest */ = {isa = PBXFileReference; explicitFileType = wrapper.cfbundle; includeInIndex = 0; path = SectionKitTests.xctest; sourceTree = BUILT_PRODUCTS_DIR; };
		5AE1755B2667D60000D4DCE1 /* Info.plist */ = {isa = PBXFileReference; lastKnownFileType = text.plist.xml; path = Info.plist; sourceTree = "<group>"; };
		5AE175A22667DA3E00D4DCE1 /* Sequence+Unique.swift */ = {isa = PBXFileReference; fileEncoding = 4; lastKnownFileType = sourcecode.swift; path = "Sequence+Unique.swift"; sourceTree = "<group>"; };
		5AE175A32667DA3E00D4DCE1 /* CollectionDifference+Changes.swift */ = {isa = PBXFileReference; fileEncoding = 4; lastKnownFileType = sourcecode.swift; path = "CollectionDifference+Changes.swift"; sourceTree = "<group>"; };
		5AE175A42667DA3E00D4DCE1 /* Move.swift */ = {isa = PBXFileReference; fileEncoding = 4; lastKnownFileType = sourcecode.swift; path = Move.swift; sourceTree = "<group>"; };
		5AE175A52667DA3E00D4DCE1 /* IndexPath+IsValid.swift */ = {isa = PBXFileReference; fileEncoding = 4; lastKnownFileType = sourcecode.swift; path = "IndexPath+IsValid.swift"; sourceTree = "<group>"; };
		5AE175A62667DA3E00D4DCE1 /* Sequence+Group.swift */ = {isa = PBXFileReference; fileEncoding = 4; lastKnownFileType = sourcecode.swift; path = "Sequence+Group.swift"; sourceTree = "<group>"; };
		5AE175A72667DA3E00D4DCE1 /* UICollectionView+Apply.swift */ = {isa = PBXFileReference; fileEncoding = 4; lastKnownFileType = sourcecode.swift; path = "UICollectionView+Apply.swift"; sourceTree = "<group>"; };
		5AE175A82667DA3E00D4DCE1 /* Collection+Extensions.swift */ = {isa = PBXFileReference; fileEncoding = 4; lastKnownFileType = sourcecode.swift; path = "Collection+Extensions.swift"; sourceTree = "<group>"; };
		5AE175AA2667DA3E00D4DCE1 /* SectionDropDelegate.swift */ = {isa = PBXFileReference; fileEncoding = 4; lastKnownFileType = sourcecode.swift; path = SectionDropDelegate.swift; sourceTree = "<group>"; };
		5AE175AB2667DA3E00D4DCE1 /* SectionDataSource.swift */ = {isa = PBXFileReference; fileEncoding = 4; lastKnownFileType = sourcecode.swift; path = SectionDataSource.swift; sourceTree = "<group>"; };
		5AE175AC2667DA3E00D4DCE1 /* SectionFlowDelegate.swift */ = {isa = PBXFileReference; fileEncoding = 4; lastKnownFileType = sourcecode.swift; path = SectionFlowDelegate.swift; sourceTree = "<group>"; };
		5AE175AE2667DA3E00D4DCE1 /* CollectionViewContext+CollectionViewSectionUpdate.swift */ = {isa = PBXFileReference; fileEncoding = 4; lastKnownFileType = sourcecode.swift; path = "CollectionViewContext+CollectionViewSectionUpdate.swift"; sourceTree = "<group>"; };
		5AE175AF2667DA3E00D4DCE1 /* CollectionViewSectionBatchOperation.swift */ = {isa = PBXFileReference; fileEncoding = 4; lastKnownFileType = sourcecode.swift; path = CollectionViewSectionBatchOperation.swift; sourceTree = "<group>"; };
		5AE175B02667DA3E00D4DCE1 /* CollectionViewSectionUpdate.swift */ = {isa = PBXFileReference; fileEncoding = 4; lastKnownFileType = sourcecode.swift; path = CollectionViewSectionUpdate.swift; sourceTree = "<group>"; };
		5AE175B12667DA3E00D4DCE1 /* SectionDataSourcePrefetchingDelegate.swift */ = {isa = PBXFileReference; fileEncoding = 4; lastKnownFileType = sourcecode.swift; path = SectionDataSourcePrefetchingDelegate.swift; sourceTree = "<group>"; };
		5AE175B22667DA3E00D4DCE1 /* SectionIndexPath.swift */ = {isa = PBXFileReference; fileEncoding = 4; lastKnownFileType = sourcecode.swift; path = SectionIndexPath.swift; sourceTree = "<group>"; };
		5AE175B32667DA3E00D4DCE1 /* SectionDelegate.swift */ = {isa = PBXFileReference; fileEncoding = 4; lastKnownFileType = sourcecode.swift; path = SectionDelegate.swift; sourceTree = "<group>"; };
		5AE175B52667DA3E00D4DCE1 /* BaseSectionController.swift */ = {isa = PBXFileReference; fileEncoding = 4; lastKnownFileType = sourcecode.swift; path = BaseSectionController.swift; sourceTree = "<group>"; };
		5AE175B62667DA3E00D4DCE1 /* ListSectionController.swift */ = {isa = PBXFileReference; fileEncoding = 4; lastKnownFileType = sourcecode.swift; path = ListSectionController.swift; sourceTree = "<group>"; };
		5AE175B72667DA3F00D4DCE1 /* SingleItemSectionController.swift */ = {isa = PBXFileReference; fileEncoding = 4; lastKnownFileType = sourcecode.swift; path = SingleItemSectionController.swift; sourceTree = "<group>"; };
		5AE175B82667DA3F00D4DCE1 /* SingleModelSectionController.swift */ = {isa = PBXFileReference; fileEncoding = 4; lastKnownFileType = sourcecode.swift; path = SingleModelSectionController.swift; sourceTree = "<group>"; };
		5AE175B92667DA3F00D4DCE1 /* FoundationDiffingListSectionController.swift */ = {isa = PBXFileReference; fileEncoding = 4; lastKnownFileType = sourcecode.swift; path = FoundationDiffingListSectionController.swift; sourceTree = "<group>"; };
		5AE175BA2667DA3F00D4DCE1 /* SectionController.swift */ = {isa = PBXFileReference; fileEncoding = 4; lastKnownFileType = sourcecode.swift; path = SectionController.swift; sourceTree = "<group>"; };
		5AE175BB2667DA3F00D4DCE1 /* SectionDragDelegate.swift */ = {isa = PBXFileReference; fileEncoding = 4; lastKnownFileType = sourcecode.swift; path = SectionDragDelegate.swift; sourceTree = "<group>"; };
		5AE175BD2667DA3F00D4DCE1 /* CollectionViewAdapter.swift */ = {isa = PBXFileReference; fileEncoding = 4; lastKnownFileType = sourcecode.swift; path = CollectionViewAdapter.swift; sourceTree = "<group>"; };
		5AE175BF2667DA3F00D4DCE1 /* CollectionViewContext+Size.swift */ = {isa = PBXFileReference; fileEncoding = 4; lastKnownFileType = sourcecode.swift; path = "CollectionViewContext+Size.swift"; sourceTree = "<group>"; };
		5AE175C02667DA3F00D4DCE1 /* CollectionViewContext.swift */ = {isa = PBXFileReference; fileEncoding = 4; lastKnownFileType = sourcecode.swift; path = CollectionViewContext.swift; sourceTree = "<group>"; };
		5AE175C12667DA3F00D4DCE1 /* MainCollectionViewContext.swift */ = {isa = PBXFileReference; fileEncoding = 4; lastKnownFileType = sourcecode.swift; path = MainCollectionViewContext.swift; sourceTree = "<group>"; };
		5AE175C32667DA3F00D4DCE1 /* CollectionViewBatchOperation.swift */ = {isa = PBXFileReference; fileEncoding = 4; lastKnownFileType = sourcecode.swift; path = CollectionViewBatchOperation.swift; sourceTree = "<group>"; };
		5AE175C42667DA3F00D4DCE1 /* CollectionViewContext+CollectionViewUpdate.swift */ = {isa = PBXFileReference; fileEncoding = 4; lastKnownFileType = sourcecode.swift; path = "CollectionViewContext+CollectionViewUpdate.swift"; sourceTree = "<group>"; };
		5AE175C52667DA3F00D4DCE1 /* CollectionViewUpdate.swift */ = {isa = PBXFileReference; fileEncoding = 4; lastKnownFileType = sourcecode.swift; path = CollectionViewUpdate.swift; sourceTree = "<group>"; };
		5AE175C72667DA3F00D4DCE1 /* ListCollectionViewAdapter+Convenience.swift */ = {isa = PBXFileReference; fileEncoding = 4; lastKnownFileType = sourcecode.swift; path = "ListCollectionViewAdapter+Convenience.swift"; sourceTree = "<group>"; };
		5AE175C82667DA3F00D4DCE1 /* ListCollectionViewAdapter+UICollectionViewDropDelegate.swift */ = {isa = PBXFileReference; fileEncoding = 4; lastKnownFileType = sourcecode.swift; path = "ListCollectionViewAdapter+UICollectionViewDropDelegate.swift"; sourceTree = "<group>"; };
		5AE175C92667DA3F00D4DCE1 /* ListCollectionViewAdapter+UICollectionViewDataSource.swift */ = {isa = PBXFileReference; fileEncoding = 4; lastKnownFileType = sourcecode.swift; path = "ListCollectionViewAdapter+UICollectionViewDataSource.swift"; sourceTree = "<group>"; };
		5AE175CA2667DA3F00D4DCE1 /* ListCollectionViewAdapter+UICollectionViewDataSourcePrefetching.swift */ = {isa = PBXFileReference; fileEncoding = 4; lastKnownFileType = sourcecode.swift; path = "ListCollectionViewAdapter+UICollectionViewDataSourcePrefetching.swift"; sourceTree = "<group>"; };
		5AE175CB2667DA3F00D4DCE1 /* ListCollectionViewAdapter+UICollectionViewDelegateFlowLayout.swift */ = {isa = PBXFileReference; fileEncoding = 4; lastKnownFileType = sourcecode.swift; path = "ListCollectionViewAdapter+UICollectionViewDelegateFlowLayout.swift"; sourceTree = "<group>"; };
		5AE175CC2667DA3F00D4DCE1 /* ListCollectionViewAdapter+UICollectionViewDelegate.swift */ = {isa = PBXFileReference; fileEncoding = 4; lastKnownFileType = sourcecode.swift; path = "ListCollectionViewAdapter+UICollectionViewDelegate.swift"; sourceTree = "<group>"; };
		5AE175CD2667DA3F00D4DCE1 /* ListCollectionViewAdapter+UIScrollViewDelegate.swift */ = {isa = PBXFileReference; fileEncoding = 4; lastKnownFileType = sourcecode.swift; path = "ListCollectionViewAdapter+UIScrollViewDelegate.swift"; sourceTree = "<group>"; };
		5AE175CE2667DA3F00D4DCE1 /* ListCollectionViewAdapter.swift */ = {isa = PBXFileReference; fileEncoding = 4; lastKnownFileType = sourcecode.swift; path = ListCollectionViewAdapter.swift; sourceTree = "<group>"; };
		5AE175CF2667DA3F00D4DCE1 /* ListCollectionViewAdapter+UICollectionViewDragDelegate.swift */ = {isa = PBXFileReference; fileEncoding = 4; lastKnownFileType = sourcecode.swift; path = "ListCollectionViewAdapter+UICollectionViewDragDelegate.swift"; sourceTree = "<group>"; };
		5AE175D02667DA3F00D4DCE1 /* FoundationDiffingListCollectionViewAdapter.swift */ = {isa = PBXFileReference; fileEncoding = 4; lastKnownFileType = sourcecode.swift; path = FoundationDiffingListCollectionViewAdapter.swift; sourceTree = "<group>"; };
		5AE175D12667DA3F00D4DCE1 /* ListCollectionViewAdapterDataSource.swift */ = {isa = PBXFileReference; fileEncoding = 4; lastKnownFileType = sourcecode.swift; path = ListCollectionViewAdapterDataSource.swift; sourceTree = "<group>"; };
		5AE175D22667DA3F00D4DCE1 /* Section.swift */ = {isa = PBXFileReference; fileEncoding = 4; lastKnownFileType = sourcecode.swift; path = Section.swift; sourceTree = "<group>"; };
		5AE175D42667DA3F00D4DCE1 /* SingleSectionCollectionViewAdapter+UICollectionViewDelegateFlowLayout.swift */ = {isa = PBXFileReference; fileEncoding = 4; lastKnownFileType = sourcecode.swift; path = "SingleSectionCollectionViewAdapter+UICollectionViewDelegateFlowLayout.swift"; sourceTree = "<group>"; };
		5AE175D52667DA3F00D4DCE1 /* SingleSectionCollectionViewAdapter+UICollectionViewDelegate.swift */ = {isa = PBXFileReference; fileEncoding = 4; lastKnownFileType = sourcecode.swift; path = "SingleSectionCollectionViewAdapter+UICollectionViewDelegate.swift"; sourceTree = "<group>"; };
		5AE175D62667DA3F00D4DCE1 /* SingleSectionCollectionViewAdapter+UICollectionViewDataSourcePrefetching.swift */ = {isa = PBXFileReference; fileEncoding = 4; lastKnownFileType = sourcecode.swift; path = "SingleSectionCollectionViewAdapter+UICollectionViewDataSourcePrefetching.swift"; sourceTree = "<group>"; };
		5AE175D72667DA3F00D4DCE1 /* SingleSectionCollectionViewAdapter+UICollectionViewDropDelegate.swift */ = {isa = PBXFileReference; fileEncoding = 4; lastKnownFileType = sourcecode.swift; path = "SingleSectionCollectionViewAdapter+UICollectionViewDropDelegate.swift"; sourceTree = "<group>"; };
		5AE175D82667DA3F00D4DCE1 /* SingleSectionCollectionViewAdapter+UIScrollViewDelegate.swift */ = {isa = PBXFileReference; fileEncoding = 4; lastKnownFileType = sourcecode.swift; path = "SingleSectionCollectionViewAdapter+UIScrollViewDelegate.swift"; sourceTree = "<group>"; };
		5AE175D92667DA3F00D4DCE1 /* SingleSectionCollectionViewAdapter+UICollectionViewDragDelegate.swift */ = {isa = PBXFileReference; fileEncoding = 4; lastKnownFileType = sourcecode.swift; path = "SingleSectionCollectionViewAdapter+UICollectionViewDragDelegate.swift"; sourceTree = "<group>"; };
		5AE175DA2667DA3F00D4DCE1 /* SingleSectionCollectionViewAdapterDataSource.swift */ = {isa = PBXFileReference; fileEncoding = 4; lastKnownFileType = sourcecode.swift; path = SingleSectionCollectionViewAdapterDataSource.swift; sourceTree = "<group>"; };
		5AE175DB2667DA3F00D4DCE1 /* SingleSectionCollectionViewAdapter+UICollectionViewDataSource.swift */ = {isa = PBXFileReference; fileEncoding = 4; lastKnownFileType = sourcecode.swift; path = "SingleSectionCollectionViewAdapter+UICollectionViewDataSource.swift"; sourceTree = "<group>"; };
		5AE175DC2667DA3F00D4DCE1 /* SingleSectionCollectionViewAdapter+Convenience.swift */ = {isa = PBXFileReference; fileEncoding = 4; lastKnownFileType = sourcecode.swift; path = "SingleSectionCollectionViewAdapter+Convenience.swift"; sourceTree = "<group>"; };
		5AE175DD2667DA3F00D4DCE1 /* SingleSectionCollectionViewAdapter.swift */ = {isa = PBXFileReference; fileEncoding = 4; lastKnownFileType = sourcecode.swift; path = SingleSectionCollectionViewAdapter.swift; sourceTree = "<group>"; };
		5AE176132667DA7000D4DCE1 /* SectionIndexPathTests.swift */ = {isa = PBXFileReference; fileEncoding = 4; lastKnownFileType = sourcecode.swift; path = SectionIndexPathTests.swift; sourceTree = "<group>"; };
		5AE176152667DA7000D4DCE1 /* SectionBatchOperationTests.swift */ = {isa = PBXFileReference; fileEncoding = 4; lastKnownFileType = sourcecode.swift; path = SectionBatchOperationTests.swift; sourceTree = "<group>"; };
		5AE176162667DA7000D4DCE1 /* SectionUpdateTests.swift */ = {isa = PBXFileReference; fileEncoding = 4; lastKnownFileType = sourcecode.swift; path = SectionUpdateTests.swift; sourceTree = "<group>"; };
		5AE176182667DA7000D4DCE1 /* SequenceUniqueTests.swift */ = {isa = PBXFileReference; fileEncoding = 4; lastKnownFileType = sourcecode.swift; path = SequenceUniqueTests.swift; sourceTree = "<group>"; };
/* End PBXFileReference section */

/* Begin PBXFrameworksBuildPhase section */
		5AE175482667D60000D4DCE1 /* Frameworks */ = {
			isa = PBXFrameworksBuildPhase;
			buildActionMask = 2147483647;
			files = (
			);
			runOnlyForDeploymentPostprocessing = 0;
		};
		5AE175512667D60000D4DCE1 /* Frameworks */ = {
			isa = PBXFrameworksBuildPhase;
			buildActionMask = 2147483647;
			files = (
				5AE175552667D60000D4DCE1 /* SectionKit.framework in Frameworks */,
			);
			runOnlyForDeploymentPostprocessing = 0;
		};
/* End PBXFrameworksBuildPhase section */

/* Begin PBXGroup section */
		5A0B774326AED0D100B054D4 /* UICollectionViewDelegateFlowLayout */ = {
			isa = PBXGroup;
			children = (
				5A0B774426AED0F600B054D4 /* BaseCollectionViewAdapterUICollectionViewDelegateFlowLayoutTests.swift */,
				5A0B774826AEEB2200B054D4 /* ListCollectionViewAdapterUICollectionViewDelegateFlowLayoutTests.swift */,
				5A0B774A26AEEB3100B054D4 /* SingleSectionCollectionViewAdapterUICollectionViewDelegateFlowLayoutTests.swift */,
			);
			path = UICollectionViewDelegateFlowLayout;
			sourceTree = "<group>";
		};
		5A0B774C26AF0BEA00B054D4 /* UIScrollViewDelegate */ = {
			isa = PBXGroup;
			children = (
				5A0B774D26AF0C2100B054D4 /* BaseCollectionViewAdapterUIScrollViewDelegateTests.swift */,
				5A0B774F26AF0CAB00B054D4 /* ListCollectionViewAdapterUIScrollViewDelegateTests.swift */,
				5A0B775126AF0CB800B054D4 /* SingleSectionCollectionViewAdapterUIScrollViewDelegateTests.swift */,
			);
			path = UIScrollViewDelegate;
			sourceTree = "<group>";
		};
		5A0B775726B0066E00B054D4 /* UICollectionViewDropDelegate */ = {
			isa = PBXGroup;
			children = (
				5A0B775826B0069700B054D4 /* BaseCollectionViewAdapterUICollectionViewDropDelegateTests.swift */,
				5A0B775A26B006AA00B054D4 /* ListCollectionViewAdapterUICollectionViewDropDelegateTests.swift */,
				5A0B775C26B006B900B054D4 /* SingleSectionCollectionViewAdapterUICollectionViewDropDelegateTests.swift */,
			);
			path = UICollectionViewDropDelegate;
			sourceTree = "<group>";
		};
		5A0B776226B146B900B054D4 /* UICollectionViewDragDelegate */ = {
			isa = PBXGroup;
			children = (
				5A0B776326B146D000B054D4 /* BaseCollectionViewAdapterUICollectionViewDragDelegateTests.swift */,
				5A0B776526B146EC00B054D4 /* ListCollectionViewAdapterUICollectionViewDragDelegateTests.swift */,
				5A0B776726B146F800B054D4 /* SingleSectionCollectionViewAdapterUICollectionViewDragDelegateTests.swift */,
			);
			path = UICollectionViewDragDelegate;
			sourceTree = "<group>";
		};
		5AA9D95B26AABEDD00679D88 /* UICollectionViewDataSource */ = {
			isa = PBXGroup;
			children = (
				5AB6642F26A59626004DC230 /* BaseCollectionViewAdapterUICollectionViewDataSourceTests.swift */,
				5AA9D95726AAA65900679D88 /* ListCollectionViewAdapterUICollectionViewDataSourceTests.swift */,
				5AA9D95926AAA92600679D88 /* SingleSectionCollectionViewAdapterUICollectionViewDataSourceTests.swift */,
			);
			path = UICollectionViewDataSource;
			sourceTree = "<group>";
		};
		5AA9D95C26AABEEF00679D88 /* UICollectionViewDataSourcePrefetching */ = {
			isa = PBXGroup;
			children = (
				5AA9D95D26AABF0E00679D88 /* BaseCollectionViewAdapterUICollectionViewDataSourcePrefetchingTests.swift */,
				5AA9D96226AAC65200679D88 /* ListCollectionViewAdapterUICollectionViewDataSourcePrefetchingTests.swift */,
				5AA9D96426AAC66500679D88 /* SingleSectionCollectionViewAdapterUICollectionViewDataSourcePrefetchingTests.swift */,
			);
			path = UICollectionViewDataSourcePrefetching;
			sourceTree = "<group>";
		};
		5AA9D96626AAC99100679D88 /* UICollectionViewDelegate */ = {
			isa = PBXGroup;
			children = (
				5AA9D96726AAC9AF00679D88 /* BaseCollectionViewAdapterUICollectionViewDelegateTests.swift */,
				5AA9D96B26AAD05400679D88 /* ListCollectionViewAdapterUICollectionViewDelegateTests.swift */,
				5AA9D96D26AAD06100679D88 /* SingleSectionCollectionViewAdapterUICollectionViewDelegateTests.swift */,
			);
			path = UICollectionViewDelegate;
			sourceTree = "<group>";
		};
		5AB6642A26A59589004DC230 /* CollectionViewContext */ = {
			isa = PBXGroup;
			children = (
				5AB6642826A587AE004DC230 /* CollectionViewContextSizeTests.swift */,
				5A0B777926B1A81300B054D4 /* MainCollectionViewContextTests.swift */,
			);
			path = CollectionViewContext;
			sourceTree = "<group>";
		};
		5AB6644226A8544C004DC230 /* Error */ = {
			isa = PBXGroup;
			children = (
				5AB6644326A85463004DC230 /* Error.swift */,
				5AB6644526A854A9004DC230 /* ErrorHandling.swift */,
			);
			path = Error;
			sourceTree = "<group>";
		};
		5AB6644726A86F39004DC230 /* TestUtilities */ = {
			isa = PBXGroup;
			children = (
				5AB6644A26A86F7A004DC230 /* MockSectionController.swift */,
				5AB6644826A86F4D004DC230 /* MockSectionDataSource.swift */,
				5AA9D96026AAC53A00679D88 /* MockSectionDataSourcePrefetchingDelegate.swift */,
				5AA9D96926AACACF00679D88 /* MockSectionDelegate.swift */,
				5A0B774626AEE24700B054D4 /* MockSectionFlowDelegate.swift */,
				5A0B776026B1445900B054D4 /* MockSectionDragDelegate.swift */,
				5A0B775526B0050800B054D4 /* MockSectionDropDelegate.swift */,
				5A0B775326AFF4D500B054D4 /* MockScrollViewDelegate.swift */,
				5AA9D95126AAA5E000679D88 /* MockCollectionViewCell.swift */,
				5AA9D95326AAA5EA00679D88 /* MockCollectionReusableView.swift */,
				5AA9D95526AAA61700679D88 /* MockErrorHandler.swift */,
				5A0B776D26B19E8C00B054D4 /* MockSingleSectionCollectionViewAdapterDataSource.swift */,
				5A0B776F26B19EB300B054D4 /* MockListCollectionViewAdapterDataSource.swift */,
			);
			path = TestUtilities;
			sourceTree = "<group>";
		};
		5AE175412667D60000D4DCE1 = {
			isa = PBXGroup;
			children = (
				5AE1754D2667D60000D4DCE1 /* SectionKit */,
				5AE175582667D60000D4DCE1 /* SectionKitTests */,
				5AE1754C2667D60000D4DCE1 /* Products */,
			);
			sourceTree = "<group>";
		};
		5AE1754C2667D60000D4DCE1 /* Products */ = {
			isa = PBXGroup;
			children = (
				5AE1754B2667D60000D4DCE1 /* SectionKit.framework */,
				5AE175542667D60000D4DCE1 /* SectionKitTests.xctest */,
			);
			name = Products;
			sourceTree = "<group>";
		};
		5AE1754D2667D60000D4DCE1 /* SectionKit */ = {
			isa = PBXGroup;
			children = (
				5AB6644226A8544C004DC230 /* Error */,
				5AE175BC2667DA3F00D4DCE1 /* CollectionViewAdapter */,
				5AE175A92667DA3E00D4DCE1 /* SectionController */,
				5AE175A12667DA3E00D4DCE1 /* Utility */,
				5AE1754F2667D60000D4DCE1 /* Info.plist */,
			);
			name = SectionKit;
			path = SectionKit/Sources;
			sourceTree = "<group>";
		};
		5AE175582667D60000D4DCE1 /* SectionKitTests */ = {
			isa = PBXGroup;
			children = (
				5AB6644726A86F39004DC230 /* TestUtilities */,
				5AE176192667DA7000D4DCE1 /* CollectionViewAdapter */,
				5AE176122667DA7000D4DCE1 /* Section */,
				5AE176172667DA7000D4DCE1 /* Utility */,
				5AE1755B2667D60000D4DCE1 /* Info.plist */,
			);
			name = SectionKitTests;
			path = SectionKit/Tests;
			sourceTree = "<group>";
		};
		5AE175A12667DA3E00D4DCE1 /* Utility */ = {
			isa = PBXGroup;
			children = (
				5AE175A22667DA3E00D4DCE1 /* Sequence+Unique.swift */,
				5AE175A62667DA3E00D4DCE1 /* Sequence+Group.swift */,
				5AE175A52667DA3E00D4DCE1 /* IndexPath+IsValid.swift */,
				5AE175A42667DA3E00D4DCE1 /* Move.swift */,
				5AE175A32667DA3E00D4DCE1 /* CollectionDifference+Changes.swift */,
				5AE175A72667DA3E00D4DCE1 /* UICollectionView+Apply.swift */,
				5AE175A82667DA3E00D4DCE1 /* Collection+Extensions.swift */,
				5A98000A2678D6BD00378EB5 /* Array+SectionIndexPath.swift */,
			);
			path = Utility;
			sourceTree = "<group>";
		};
		5AE175A92667DA3E00D4DCE1 /* SectionController */ = {
			isa = PBXGroup;
			children = (
				5AE175AD2667DA3E00D4DCE1 /* Update */,
				5AE175B42667DA3E00D4DCE1 /* Generic */,
				5AE175B22667DA3E00D4DCE1 /* SectionIndexPath.swift */,
				5AE175BA2667DA3F00D4DCE1 /* SectionController.swift */,
				5AE175AB2667DA3E00D4DCE1 /* SectionDataSource.swift */,
				5AE175B12667DA3E00D4DCE1 /* SectionDataSourcePrefetchingDelegate.swift */,
				5AE175B32667DA3E00D4DCE1 /* SectionDelegate.swift */,
				5AE175AC2667DA3E00D4DCE1 /* SectionFlowDelegate.swift */,
				5AE175BB2667DA3F00D4DCE1 /* SectionDragDelegate.swift */,
				5AE175AA2667DA3E00D4DCE1 /* SectionDropDelegate.swift */,
			);
			path = SectionController;
			sourceTree = "<group>";
		};
		5AE175AD2667DA3E00D4DCE1 /* Update */ = {
			isa = PBXGroup;
			children = (
				5AE175AE2667DA3E00D4DCE1 /* CollectionViewContext+CollectionViewSectionUpdate.swift */,
				5AE175AF2667DA3E00D4DCE1 /* CollectionViewSectionBatchOperation.swift */,
				5AE175B02667DA3E00D4DCE1 /* CollectionViewSectionUpdate.swift */,
			);
			path = Update;
			sourceTree = "<group>";
		};
		5AE175B42667DA3E00D4DCE1 /* Generic */ = {
			isa = PBXGroup;
			children = (
				5AE175B52667DA3E00D4DCE1 /* BaseSectionController.swift */,
				5AE175B62667DA3E00D4DCE1 /* ListSectionController.swift */,
				5AE175B72667DA3F00D4DCE1 /* SingleItemSectionController.swift */,
				5AE175B82667DA3F00D4DCE1 /* SingleModelSectionController.swift */,
				5AE175B92667DA3F00D4DCE1 /* FoundationDiffingListSectionController.swift */,
			);
			path = Generic;
			sourceTree = "<group>";
		};
		5AE175BC2667DA3F00D4DCE1 /* CollectionViewAdapter */ = {
			isa = PBXGroup;
			children = (
				5AE175BE2667DA3F00D4DCE1 /* CollectionViewContext */,
				5AE175C22667DA3F00D4DCE1 /* Update */,
				5AE175C62667DA3F00D4DCE1 /* ListCollectionViewAdapter */,
				5AE175D32667DA3F00D4DCE1 /* SingleSectionCollectionViewAdapter */,
				5AE175BD2667DA3F00D4DCE1 /* CollectionViewAdapter.swift */,
				5AE175D22667DA3F00D4DCE1 /* Section.swift */,
			);
			path = CollectionViewAdapter;
			sourceTree = "<group>";
		};
		5AE175BE2667DA3F00D4DCE1 /* CollectionViewContext */ = {
			isa = PBXGroup;
			children = (
				5AE175BF2667DA3F00D4DCE1 /* CollectionViewContext+Size.swift */,
				5AE175C02667DA3F00D4DCE1 /* CollectionViewContext.swift */,
				5AE175C12667DA3F00D4DCE1 /* MainCollectionViewContext.swift */,
			);
			path = CollectionViewContext;
			sourceTree = "<group>";
		};
		5AE175C22667DA3F00D4DCE1 /* Update */ = {
			isa = PBXGroup;
			children = (
				5AE175C32667DA3F00D4DCE1 /* CollectionViewBatchOperation.swift */,
				5AE175C42667DA3F00D4DCE1 /* CollectionViewContext+CollectionViewUpdate.swift */,
				5AE175C52667DA3F00D4DCE1 /* CollectionViewUpdate.swift */,
			);
			path = Update;
			sourceTree = "<group>";
		};
		5AE175C62667DA3F00D4DCE1 /* ListCollectionViewAdapter */ = {
			isa = PBXGroup;
			children = (
				5AE175CE2667DA3F00D4DCE1 /* ListCollectionViewAdapter.swift */,
				5AE175C72667DA3F00D4DCE1 /* ListCollectionViewAdapter+Convenience.swift */,
				5AE175C92667DA3F00D4DCE1 /* ListCollectionViewAdapter+UICollectionViewDataSource.swift */,
				5AE175CA2667DA3F00D4DCE1 /* ListCollectionViewAdapter+UICollectionViewDataSourcePrefetching.swift */,
				5AE175CC2667DA3F00D4DCE1 /* ListCollectionViewAdapter+UICollectionViewDelegate.swift */,
				5AE175CB2667DA3F00D4DCE1 /* ListCollectionViewAdapter+UICollectionViewDelegateFlowLayout.swift */,
				5AE175CF2667DA3F00D4DCE1 /* ListCollectionViewAdapter+UICollectionViewDragDelegate.swift */,
				5AE175C82667DA3F00D4DCE1 /* ListCollectionViewAdapter+UICollectionViewDropDelegate.swift */,
				5AE175CD2667DA3F00D4DCE1 /* ListCollectionViewAdapter+UIScrollViewDelegate.swift */,
				5AE175D12667DA3F00D4DCE1 /* ListCollectionViewAdapterDataSource.swift */,
				5AE175D02667DA3F00D4DCE1 /* FoundationDiffingListCollectionViewAdapter.swift */,
			);
			path = ListCollectionViewAdapter;
			sourceTree = "<group>";
		};
		5AE175D32667DA3F00D4DCE1 /* SingleSectionCollectionViewAdapter */ = {
			isa = PBXGroup;
			children = (
				5AE175DD2667DA3F00D4DCE1 /* SingleSectionCollectionViewAdapter.swift */,
				5AE175DC2667DA3F00D4DCE1 /* SingleSectionCollectionViewAdapter+Convenience.swift */,
				5AE175DB2667DA3F00D4DCE1 /* SingleSectionCollectionViewAdapter+UICollectionViewDataSource.swift */,
				5AE175D62667DA3F00D4DCE1 /* SingleSectionCollectionViewAdapter+UICollectionViewDataSourcePrefetching.swift */,
				5AE175D52667DA3F00D4DCE1 /* SingleSectionCollectionViewAdapter+UICollectionViewDelegate.swift */,
				5AE175D42667DA3F00D4DCE1 /* SingleSectionCollectionViewAdapter+UICollectionViewDelegateFlowLayout.swift */,
				5AE175D92667DA3F00D4DCE1 /* SingleSectionCollectionViewAdapter+UICollectionViewDragDelegate.swift */,
				5AE175D72667DA3F00D4DCE1 /* SingleSectionCollectionViewAdapter+UICollectionViewDropDelegate.swift */,
				5AE175D82667DA3F00D4DCE1 /* SingleSectionCollectionViewAdapter+UIScrollViewDelegate.swift */,
				5AE175DA2667DA3F00D4DCE1 /* SingleSectionCollectionViewAdapterDataSource.swift */,
			);
			path = SingleSectionCollectionViewAdapter;
			sourceTree = "<group>";
		};
		5AE176122667DA7000D4DCE1 /* Section */ = {
			isa = PBXGroup;
			children = (
				5AE176142667DA7000D4DCE1 /* SectionUpdate */,
				5AE176132667DA7000D4DCE1 /* SectionIndexPathTests.swift */,
			);
			path = Section;
			sourceTree = "<group>";
		};
		5AE176142667DA7000D4DCE1 /* SectionUpdate */ = {
			isa = PBXGroup;
			children = (
				5AE176152667DA7000D4DCE1 /* SectionBatchOperationTests.swift */,
				5AE176162667DA7000D4DCE1 /* SectionUpdateTests.swift */,
			);
			path = SectionUpdate;
			sourceTree = "<group>";
		};
		5AE176172667DA7000D4DCE1 /* Utility */ = {
			isa = PBXGroup;
			children = (
				5AE176182667DA7000D4DCE1 /* SequenceUniqueTests.swift */,
				5A0B777126B1A13B00B054D4 /* SequenceGroupTests.swift */,
				5A0B777326B1A51C00B054D4 /* IndexPathIsValidTests.swift */,
				5A0B777526B1A5F400B054D4 /* ArraySectionIndexPathTests.swift */,
				5A0B777726B1A6AD00B054D4 /* CollectionExtensionsTests.swift */,
			);
			path = Utility;
			sourceTree = "<group>";
		};
		5AE176192667DA7000D4DCE1 /* CollectionViewAdapter */ = {
			isa = PBXGroup;
			children = (
				5AB6642A26A59589004DC230 /* CollectionViewContext */,
				5AA9D95B26AABEDD00679D88 /* UICollectionViewDataSource */,
				5AA9D95C26AABEEF00679D88 /* UICollectionViewDataSourcePrefetching */,
				5AA9D96626AAC99100679D88 /* UICollectionViewDelegate */,
				5A0B774326AED0D100B054D4 /* UICollectionViewDelegateFlowLayout */,
				5A0B774C26AF0BEA00B054D4 /* UIScrollViewDelegate */,
				5A0B776226B146B900B054D4 /* UICollectionViewDragDelegate */,
				5A0B775726B0066E00B054D4 /* UICollectionViewDropDelegate */,
				5A0B776926B1826100B054D4 /* ListCollectionViewAdapterTests.swift */,
				5A0B776B26B1828400B054D4 /* SingleSectionCollectionViewAdapterTests.swift */,
			);
			path = CollectionViewAdapter;
			sourceTree = "<group>";
		};
/* End PBXGroup section */

/* Begin PBXHeadersBuildPhase section */
		5AE175462667D60000D4DCE1 /* Headers */ = {
			isa = PBXHeadersBuildPhase;
			buildActionMask = 2147483647;
			files = (
			);
			runOnlyForDeploymentPostprocessing = 0;
		};
/* End PBXHeadersBuildPhase section */

/* Begin PBXNativeTarget section */
		5AE1754A2667D60000D4DCE1 /* SectionKit */ = {
			isa = PBXNativeTarget;
			buildConfigurationList = 5AE1755F2667D60000D4DCE1 /* Build configuration list for PBXNativeTarget "SectionKit" */;
			buildPhases = (
				5AE175462667D60000D4DCE1 /* Headers */,
				5AE175472667D60000D4DCE1 /* Sources */,
				5AE175482667D60000D4DCE1 /* Frameworks */,
				5AE175492667D60000D4DCE1 /* Resources */,
			);
			buildRules = (
			);
			dependencies = (
			);
			name = SectionKit;
			productName = SectionKit;
			productReference = 5AE1754B2667D60000D4DCE1 /* SectionKit.framework */;
			productType = "com.apple.product-type.framework";
		};
		5AE175532667D60000D4DCE1 /* SectionKitTests */ = {
			isa = PBXNativeTarget;
			buildConfigurationList = 5AE175622667D60000D4DCE1 /* Build configuration list for PBXNativeTarget "SectionKitTests" */;
			buildPhases = (
				5AE175502667D60000D4DCE1 /* Sources */,
				5AE175512667D60000D4DCE1 /* Frameworks */,
				5AE175522667D60000D4DCE1 /* Resources */,
			);
			buildRules = (
			);
			dependencies = (
				5AE175572667D60000D4DCE1 /* PBXTargetDependency */,
			);
			name = SectionKitTests;
			productName = SectionKitTests;
			productReference = 5AE175542667D60000D4DCE1 /* SectionKitTests.xctest */;
			productType = "com.apple.product-type.bundle.unit-test";
		};
/* End PBXNativeTarget section */

/* Begin PBXProject section */
		5AE175422667D60000D4DCE1 /* Project object */ = {
			isa = PBXProject;
			attributes = {
				LastSwiftUpdateCheck = 1250;
				LastUpgradeCheck = 1250;
				TargetAttributes = {
					5AE1754A2667D60000D4DCE1 = {
						CreatedOnToolsVersion = 12.5;
					};
					5AE175532667D60000D4DCE1 = {
						CreatedOnToolsVersion = 12.5;
					};
				};
			};
			buildConfigurationList = 5AE175452667D60000D4DCE1 /* Build configuration list for PBXProject "SectionKit" */;
			compatibilityVersion = "Xcode 9.3";
			developmentRegion = en;
			hasScannedForEncodings = 0;
			knownRegions = (
				en,
				Base,
			);
			mainGroup = 5AE175412667D60000D4DCE1;
			productRefGroup = 5AE1754C2667D60000D4DCE1 /* Products */;
			projectDirPath = "";
			projectRoot = "";
			targets = (
				5AE1754A2667D60000D4DCE1 /* SectionKit */,
				5AE175532667D60000D4DCE1 /* SectionKitTests */,
			);
		};
/* End PBXProject section */

/* Begin PBXResourcesBuildPhase section */
		5AE175492667D60000D4DCE1 /* Resources */ = {
			isa = PBXResourcesBuildPhase;
			buildActionMask = 2147483647;
			files = (
			);
			runOnlyForDeploymentPostprocessing = 0;
		};
		5AE175522667D60000D4DCE1 /* Resources */ = {
			isa = PBXResourcesBuildPhase;
			buildActionMask = 2147483647;
			files = (
			);
			runOnlyForDeploymentPostprocessing = 0;
		};
/* End PBXResourcesBuildPhase section */

/* Begin PBXSourcesBuildPhase section */
		5AE175472667D60000D4DCE1 /* Sources */ = {
			isa = PBXSourcesBuildPhase;
			buildActionMask = 2147483647;
			files = (
				5AE176022667DA3F00D4DCE1 /* ListCollectionViewAdapter+UIScrollViewDelegate.swift in Sources */,
				5AE175ED2667DA3F00D4DCE1 /* SectionDelegate.swift in Sources */,
				5AE175EE2667DA3F00D4DCE1 /* BaseSectionController.swift in Sources */,
				5AE1760B2667DA3F00D4DCE1 /* SingleSectionCollectionViewAdapter+UICollectionViewDropDelegate.swift in Sources */,
				5AE176072667DA3F00D4DCE1 /* Section.swift in Sources */,
				5AE175DF2667DA3F00D4DCE1 /* CollectionDifference+Changes.swift in Sources */,
				5AE175E62667DA3F00D4DCE1 /* SectionDataSource.swift in Sources */,
				5AE176002667DA3F00D4DCE1 /* ListCollectionViewAdapter+UICollectionViewDelegateFlowLayout.swift in Sources */,
				5AE1760D2667DA3F00D4DCE1 /* SingleSectionCollectionViewAdapter+UICollectionViewDragDelegate.swift in Sources */,
				5AE175E52667DA3F00D4DCE1 /* SectionDropDelegate.swift in Sources */,
				5AE175F42667DA3F00D4DCE1 /* SectionDragDelegate.swift in Sources */,
				5AE176062667DA3F00D4DCE1 /* ListCollectionViewAdapterDataSource.swift in Sources */,
				5AE175F62667DA3F00D4DCE1 /* CollectionViewContext+Size.swift in Sources */,
				5AE175F52667DA3F00D4DCE1 /* CollectionViewAdapter.swift in Sources */,
				5AE175F32667DA3F00D4DCE1 /* SectionController.swift in Sources */,
				5AE175F22667DA3F00D4DCE1 /* FoundationDiffingListSectionController.swift in Sources */,
				5AE176042667DA3F00D4DCE1 /* ListCollectionViewAdapter+UICollectionViewDragDelegate.swift in Sources */,
				5AB6644626A854A9004DC230 /* ErrorHandling.swift in Sources */,
				5AE176052667DA3F00D4DCE1 /* FoundationDiffingListCollectionViewAdapter.swift in Sources */,
				5AE175E92667DA3F00D4DCE1 /* CollectionViewSectionBatchOperation.swift in Sources */,
				5AE175E02667DA3F00D4DCE1 /* Move.swift in Sources */,
				5AE175EB2667DA3F00D4DCE1 /* SectionDataSourcePrefetchingDelegate.swift in Sources */,
				5AE175EC2667DA3F00D4DCE1 /* SectionIndexPath.swift in Sources */,
				5AE1760F2667DA3F00D4DCE1 /* SingleSectionCollectionViewAdapter+UICollectionViewDataSource.swift in Sources */,
				5AE1760A2667DA3F00D4DCE1 /* SingleSectionCollectionViewAdapter+UICollectionViewDataSourcePrefetching.swift in Sources */,
				5AE175FE2667DA3F00D4DCE1 /* ListCollectionViewAdapter+UICollectionViewDataSource.swift in Sources */,
				5AE175F12667DA3F00D4DCE1 /* SingleModelSectionController.swift in Sources */,
				5AE175FB2667DA3F00D4DCE1 /* CollectionViewUpdate.swift in Sources */,
				5AE175E42667DA3F00D4DCE1 /* Collection+Extensions.swift in Sources */,
				5AE176032667DA3F00D4DCE1 /* ListCollectionViewAdapter.swift in Sources */,
				5AE175E12667DA3F00D4DCE1 /* IndexPath+IsValid.swift in Sources */,
				5AE175F82667DA3F00D4DCE1 /* MainCollectionViewContext.swift in Sources */,
				5AE175FF2667DA3F00D4DCE1 /* ListCollectionViewAdapter+UICollectionViewDataSourcePrefetching.swift in Sources */,
				5AE176102667DA3F00D4DCE1 /* SingleSectionCollectionViewAdapter+Convenience.swift in Sources */,
				5AE175DE2667DA3F00D4DCE1 /* Sequence+Unique.swift in Sources */,
				5AB6644426A85463004DC230 /* Error.swift in Sources */,
				5AE175F72667DA3F00D4DCE1 /* CollectionViewContext.swift in Sources */,
				5AE176082667DA3F00D4DCE1 /* SingleSectionCollectionViewAdapter+UICollectionViewDelegateFlowLayout.swift in Sources */,
				5AE175E82667DA3F00D4DCE1 /* CollectionViewContext+CollectionViewSectionUpdate.swift in Sources */,
				5AE175E22667DA3F00D4DCE1 /* Sequence+Group.swift in Sources */,
				5AE175EA2667DA3F00D4DCE1 /* CollectionViewSectionUpdate.swift in Sources */,
				5AE175F92667DA3F00D4DCE1 /* CollectionViewBatchOperation.swift in Sources */,
				5AE175EF2667DA3F00D4DCE1 /* ListSectionController.swift in Sources */,
				5AE175F02667DA3F00D4DCE1 /* SingleItemSectionController.swift in Sources */,
				5AE175FD2667DA3F00D4DCE1 /* ListCollectionViewAdapter+UICollectionViewDropDelegate.swift in Sources */,
				5AE176092667DA3F00D4DCE1 /* SingleSectionCollectionViewAdapter+UICollectionViewDelegate.swift in Sources */,
				5AE1760C2667DA3F00D4DCE1 /* SingleSectionCollectionViewAdapter+UIScrollViewDelegate.swift in Sources */,
				5A98000B2678D6BD00378EB5 /* Array+SectionIndexPath.swift in Sources */,
				5AE175FA2667DA3F00D4DCE1 /* CollectionViewContext+CollectionViewUpdate.swift in Sources */,
				5AE175E72667DA3F00D4DCE1 /* SectionFlowDelegate.swift in Sources */,
				5AE175E32667DA3F00D4DCE1 /* UICollectionView+Apply.swift in Sources */,
				5AE176012667DA3F00D4DCE1 /* ListCollectionViewAdapter+UICollectionViewDelegate.swift in Sources */,
				5AE1760E2667DA3F00D4DCE1 /* SingleSectionCollectionViewAdapterDataSource.swift in Sources */,
				5AE176112667DA3F00D4DCE1 /* SingleSectionCollectionViewAdapter.swift in Sources */,
				5AE175FC2667DA3F00D4DCE1 /* ListCollectionViewAdapter+Convenience.swift in Sources */,
			);
			runOnlyForDeploymentPostprocessing = 0;
		};
		5AE175502667D60000D4DCE1 /* Sources */ = {
			isa = PBXSourcesBuildPhase;
			buildActionMask = 2147483647;
			files = (
				5A0B776826B146F900B054D4 /* SingleSectionCollectionViewAdapterUICollectionViewDragDelegateTests.swift in Sources */,
				5AA9D95226AAA5E000679D88 /* MockCollectionViewCell.swift in Sources */,
				5A0B775626B0050800B054D4 /* MockSectionDropDelegate.swift in Sources */,
				5A0B774B26AEEB3100B054D4 /* SingleSectionCollectionViewAdapterUICollectionViewDelegateFlowLayoutTests.swift in Sources */,
				5AB6643026A59626004DC230 /* BaseCollectionViewAdapterUICollectionViewDataSourceTests.swift in Sources */,
				5A0B776626B146EC00B054D4 /* ListCollectionViewAdapterUICollectionViewDragDelegateTests.swift in Sources */,
				5A0B777226B1A13B00B054D4 /* SequenceGroupTests.swift in Sources */,
				5AA9D96A26AACACF00679D88 /* MockSectionDelegate.swift in Sources */,
				5A0B777026B19EB300B054D4 /* MockListCollectionViewAdapterDataSource.swift in Sources */,
				5AA9D96E26AAD06100679D88 /* SingleSectionCollectionViewAdapterUICollectionViewDelegateTests.swift in Sources */,
				5AE1761E2667DA7000D4DCE1 /* SequenceUniqueTests.swift in Sources */,
				5A0B777426B1A51C00B054D4 /* IndexPathIsValidTests.swift in Sources */,
				5AA9D95626AAA61700679D88 /* MockErrorHandler.swift in Sources */,
				5AA9D95A26AAA92600679D88 /* SingleSectionCollectionViewAdapterUICollectionViewDataSourceTests.swift in Sources */,
				5AB6642926A587AE004DC230 /* CollectionViewContextSizeTests.swift in Sources */,
				5A0B775926B0069700B054D4 /* BaseCollectionViewAdapterUICollectionViewDropDelegateTests.swift in Sources */,
				5A0B776E26B19E8C00B054D4 /* MockSingleSectionCollectionViewAdapterDataSource.swift in Sources */,
				5AE1761C2667DA7000D4DCE1 /* SectionBatchOperationTests.swift in Sources */,
				5A0B776C26B1828400B054D4 /* SingleSectionCollectionViewAdapterTests.swift in Sources */,
				5A0B774E26AF0C2100B054D4 /* BaseCollectionViewAdapterUIScrollViewDelegateTests.swift in Sources */,
				5AA9D96826AAC9AF00679D88 /* BaseCollectionViewAdapterUICollectionViewDelegateTests.swift in Sources */,
				5A0B775B26B006AA00B054D4 /* ListCollectionViewAdapterUICollectionViewDropDelegateTests.swift in Sources */,
				5A0B777626B1A5F400B054D4 /* ArraySectionIndexPathTests.swift in Sources */,
				5AA9D96126AAC53A00679D88 /* MockSectionDataSourcePrefetchingDelegate.swift in Sources */,
				5A0B775026AF0CAB00B054D4 /* ListCollectionViewAdapterUIScrollViewDelegateTests.swift in Sources */,
				5AA9D95F26AABF1300679D88 /* BaseCollectionViewAdapterUICollectionViewDataSourcePrefetchingTests.swift in Sources */,
				5A0B775226AF0CB800B054D4 /* SingleSectionCollectionViewAdapterUIScrollViewDelegateTests.swift in Sources */,
				5AA9D95426AAA5EA00679D88 /* MockCollectionReusableView.swift in Sources */,
				5A0B774526AED0F600B054D4 /* BaseCollectionViewAdapterUICollectionViewDelegateFlowLayoutTests.swift in Sources */,
				5A0B774926AEEB2200B054D4 /* ListCollectionViewAdapterUICollectionViewDelegateFlowLayoutTests.swift in Sources */,
				5A0B776126B1445900B054D4 /* MockSectionDragDelegate.swift in Sources */,
				5AA9D96326AAC65200679D88 /* ListCollectionViewAdapterUICollectionViewDataSourcePrefetchingTests.swift in Sources */,
				5AE1761B2667DA7000D4DCE1 /* SectionIndexPathTests.swift in Sources */,
				5AA9D96C26AAD05400679D88 /* ListCollectionViewAdapterUICollectionViewDelegateTests.swift in Sources */,
				5A0B776A26B1826100B054D4 /* ListCollectionViewAdapterTests.swift in Sources */,
				5A0B777826B1A6AD00B054D4 /* CollectionExtensionsTests.swift in Sources */,
				5A0B775D26B006B900B054D4 /* SingleSectionCollectionViewAdapterUICollectionViewDropDelegateTests.swift in Sources */,
				5AA9D96526AAC66500679D88 /* SingleSectionCollectionViewAdapterUICollectionViewDataSourcePrefetchingTests.swift in Sources */,
				5AB6644B26A86F7A004DC230 /* MockSectionController.swift in Sources */,
				5A0B775426AFF4D500B054D4 /* MockScrollViewDelegate.swift in Sources */,
				5A0B776426B146D000B054D4 /* BaseCollectionViewAdapterUICollectionViewDragDelegateTests.swift in Sources */,
				5A0B777A26B1A81300B054D4 /* MainCollectionViewContextTests.swift in Sources */,
				5AE1761D2667DA7000D4DCE1 /* SectionUpdateTests.swift in Sources */,
				5A0B774726AEE24700B054D4 /* MockSectionFlowDelegate.swift in Sources */,
				5AA9D95826AAA65900679D88 /* ListCollectionViewAdapterUICollectionViewDataSourceTests.swift in Sources */,
				5AB6644926A86F4D004DC230 /* MockSectionDataSource.swift in Sources */,
			);
			runOnlyForDeploymentPostprocessing = 0;
		};
/* End PBXSourcesBuildPhase section */

/* Begin PBXTargetDependency section */
		5AE175572667D60000D4DCE1 /* PBXTargetDependency */ = {
			isa = PBXTargetDependency;
			target = 5AE1754A2667D60000D4DCE1 /* SectionKit */;
			targetProxy = 5AE175562667D60000D4DCE1 /* PBXContainerItemProxy */;
		};
/* End PBXTargetDependency section */

/* Begin XCBuildConfiguration section */
		5AE1755D2667D60000D4DCE1 /* Debug */ = {
			isa = XCBuildConfiguration;
			buildSettings = {
				ALWAYS_SEARCH_USER_PATHS = NO;
				CLANG_ANALYZER_NONNULL = YES;
				CLANG_ANALYZER_NUMBER_OBJECT_CONVERSION = YES_AGGRESSIVE;
				CLANG_CXX_LANGUAGE_STANDARD = "gnu++14";
				CLANG_CXX_LIBRARY = "libc++";
				CLANG_ENABLE_MODULES = YES;
				CLANG_ENABLE_OBJC_ARC = YES;
				CLANG_ENABLE_OBJC_WEAK = YES;
				CLANG_WARN_BLOCK_CAPTURE_AUTORELEASING = YES;
				CLANG_WARN_BOOL_CONVERSION = YES;
				CLANG_WARN_COMMA = YES;
				CLANG_WARN_CONSTANT_CONVERSION = YES;
				CLANG_WARN_DEPRECATED_OBJC_IMPLEMENTATIONS = YES;
				CLANG_WARN_DIRECT_OBJC_ISA_USAGE = YES_ERROR;
				CLANG_WARN_DOCUMENTATION_COMMENTS = YES;
				CLANG_WARN_EMPTY_BODY = YES;
				CLANG_WARN_ENUM_CONVERSION = YES;
				CLANG_WARN_INFINITE_RECURSION = YES;
				CLANG_WARN_INT_CONVERSION = YES;
				CLANG_WARN_NON_LITERAL_NULL_CONVERSION = YES;
				CLANG_WARN_OBJC_IMPLICIT_RETAIN_SELF = YES;
				CLANG_WARN_OBJC_LITERAL_CONVERSION = YES;
				CLANG_WARN_OBJC_ROOT_CLASS = YES_ERROR;
				CLANG_WARN_QUOTED_INCLUDE_IN_FRAMEWORK_HEADER = YES;
				CLANG_WARN_RANGE_LOOP_ANALYSIS = YES;
				CLANG_WARN_STRICT_PROTOTYPES = YES;
				CLANG_WARN_SUSPICIOUS_MOVE = YES;
				CLANG_WARN_UNGUARDED_AVAILABILITY = YES_AGGRESSIVE;
				CLANG_WARN_UNREACHABLE_CODE = YES;
				CLANG_WARN__DUPLICATE_METHOD_MATCH = YES;
				COPY_PHASE_STRIP = NO;
				CURRENT_PROJECT_VERSION = 1;
				DEBUG_INFORMATION_FORMAT = dwarf;
				ENABLE_STRICT_OBJC_MSGSEND = YES;
				ENABLE_TESTABILITY = YES;
				GCC_C_LANGUAGE_STANDARD = gnu11;
				GCC_DYNAMIC_NO_PIC = NO;
				GCC_NO_COMMON_BLOCKS = YES;
				GCC_OPTIMIZATION_LEVEL = 0;
				GCC_PREPROCESSOR_DEFINITIONS = (
					"DEBUG=1",
					"$(inherited)",
				);
				GCC_WARN_64_TO_32_BIT_CONVERSION = YES;
				GCC_WARN_ABOUT_RETURN_TYPE = YES_ERROR;
				GCC_WARN_UNDECLARED_SELECTOR = YES;
				GCC_WARN_UNINITIALIZED_AUTOS = YES_AGGRESSIVE;
				GCC_WARN_UNUSED_FUNCTION = YES;
				GCC_WARN_UNUSED_VARIABLE = YES;
				IPHONEOS_DEPLOYMENT_TARGET = 14.5;
				MTL_ENABLE_DEBUG_INFO = INCLUDE_SOURCE;
				MTL_FAST_MATH = YES;
				ONLY_ACTIVE_ARCH = YES;
				SDKROOT = iphoneos;
				SWIFT_ACTIVE_COMPILATION_CONDITIONS = DEBUG;
				SWIFT_OPTIMIZATION_LEVEL = "-Onone";
				VERSIONING_SYSTEM = "apple-generic";
				VERSION_INFO_PREFIX = "";
			};
			name = Debug;
		};
		5AE1755E2667D60000D4DCE1 /* Release */ = {
			isa = XCBuildConfiguration;
			buildSettings = {
				ALWAYS_SEARCH_USER_PATHS = NO;
				CLANG_ANALYZER_NONNULL = YES;
				CLANG_ANALYZER_NUMBER_OBJECT_CONVERSION = YES_AGGRESSIVE;
				CLANG_CXX_LANGUAGE_STANDARD = "gnu++14";
				CLANG_CXX_LIBRARY = "libc++";
				CLANG_ENABLE_MODULES = YES;
				CLANG_ENABLE_OBJC_ARC = YES;
				CLANG_ENABLE_OBJC_WEAK = YES;
				CLANG_WARN_BLOCK_CAPTURE_AUTORELEASING = YES;
				CLANG_WARN_BOOL_CONVERSION = YES;
				CLANG_WARN_COMMA = YES;
				CLANG_WARN_CONSTANT_CONVERSION = YES;
				CLANG_WARN_DEPRECATED_OBJC_IMPLEMENTATIONS = YES;
				CLANG_WARN_DIRECT_OBJC_ISA_USAGE = YES_ERROR;
				CLANG_WARN_DOCUMENTATION_COMMENTS = YES;
				CLANG_WARN_EMPTY_BODY = YES;
				CLANG_WARN_ENUM_CONVERSION = YES;
				CLANG_WARN_INFINITE_RECURSION = YES;
				CLANG_WARN_INT_CONVERSION = YES;
				CLANG_WARN_NON_LITERAL_NULL_CONVERSION = YES;
				CLANG_WARN_OBJC_IMPLICIT_RETAIN_SELF = YES;
				CLANG_WARN_OBJC_LITERAL_CONVERSION = YES;
				CLANG_WARN_OBJC_ROOT_CLASS = YES_ERROR;
				CLANG_WARN_QUOTED_INCLUDE_IN_FRAMEWORK_HEADER = YES;
				CLANG_WARN_RANGE_LOOP_ANALYSIS = YES;
				CLANG_WARN_STRICT_PROTOTYPES = YES;
				CLANG_WARN_SUSPICIOUS_MOVE = YES;
				CLANG_WARN_UNGUARDED_AVAILABILITY = YES_AGGRESSIVE;
				CLANG_WARN_UNREACHABLE_CODE = YES;
				CLANG_WARN__DUPLICATE_METHOD_MATCH = YES;
				COPY_PHASE_STRIP = NO;
				CURRENT_PROJECT_VERSION = 1;
				DEBUG_INFORMATION_FORMAT = "dwarf-with-dsym";
				ENABLE_NS_ASSERTIONS = NO;
				ENABLE_STRICT_OBJC_MSGSEND = YES;
				GCC_C_LANGUAGE_STANDARD = gnu11;
				GCC_NO_COMMON_BLOCKS = YES;
				GCC_WARN_64_TO_32_BIT_CONVERSION = YES;
				GCC_WARN_ABOUT_RETURN_TYPE = YES_ERROR;
				GCC_WARN_UNDECLARED_SELECTOR = YES;
				GCC_WARN_UNINITIALIZED_AUTOS = YES_AGGRESSIVE;
				GCC_WARN_UNUSED_FUNCTION = YES;
				GCC_WARN_UNUSED_VARIABLE = YES;
				IPHONEOS_DEPLOYMENT_TARGET = 14.5;
				MTL_ENABLE_DEBUG_INFO = NO;
				MTL_FAST_MATH = YES;
				SDKROOT = iphoneos;
				SWIFT_COMPILATION_MODE = wholemodule;
				SWIFT_OPTIMIZATION_LEVEL = "-O";
				VALIDATE_PRODUCT = YES;
				VERSIONING_SYSTEM = "apple-generic";
				VERSION_INFO_PREFIX = "";
			};
			name = Release;
		};
		5AE175602667D60000D4DCE1 /* Debug */ = {
			isa = XCBuildConfiguration;
			buildSettings = {
				BUILD_LIBRARY_FOR_DISTRIBUTION = YES;
				CODE_SIGN_STYLE = Automatic;
				DEFINES_MODULE = YES;
				DEVELOPMENT_TEAM = D3728AP439;
				DYLIB_COMPATIBILITY_VERSION = 1;
				DYLIB_CURRENT_VERSION = 1;
				DYLIB_INSTALL_NAME_BASE = "@rpath";
				INFOPLIST_FILE = SectionKit/Sources/Info.plist;
				INSTALL_PATH = "$(LOCAL_LIBRARY_DIR)/Frameworks";
				IPHONEOS_DEPLOYMENT_TARGET = 9.0;
				LD_RUNPATH_SEARCH_PATHS = (
					"$(inherited)",
					"@executable_path/Frameworks",
					"@loader_path/Frameworks",
				);
				PRODUCT_BUNDLE_IDENTIFIER = com.traderepublic.SectionKit;
				PRODUCT_NAME = "$(TARGET_NAME:c99extidentifier)";
				SKIP_INSTALL = YES;
				SWIFT_VERSION = 5.0;
				TARGETED_DEVICE_FAMILY = "1,2";
			};
			name = Debug;
		};
		5AE175612667D60000D4DCE1 /* Release */ = {
			isa = XCBuildConfiguration;
			buildSettings = {
				BUILD_LIBRARY_FOR_DISTRIBUTION = YES;
				CODE_SIGN_STYLE = Automatic;
				DEFINES_MODULE = YES;
				DEVELOPMENT_TEAM = D3728AP439;
				DYLIB_COMPATIBILITY_VERSION = 1;
				DYLIB_CURRENT_VERSION = 1;
				DYLIB_INSTALL_NAME_BASE = "@rpath";
				INFOPLIST_FILE = SectionKit/Sources/Info.plist;
				INSTALL_PATH = "$(LOCAL_LIBRARY_DIR)/Frameworks";
				IPHONEOS_DEPLOYMENT_TARGET = 9.0;
				LD_RUNPATH_SEARCH_PATHS = (
					"$(inherited)",
					"@executable_path/Frameworks",
					"@loader_path/Frameworks",
				);
				PRODUCT_BUNDLE_IDENTIFIER = com.traderepublic.SectionKit;
				PRODUCT_NAME = "$(TARGET_NAME:c99extidentifier)";
				SKIP_INSTALL = YES;
				SWIFT_VERSION = 5.0;
				TARGETED_DEVICE_FAMILY = "1,2";
			};
			name = Release;
		};
		5AE175632667D60000D4DCE1 /* Debug */ = {
			isa = XCBuildConfiguration;
			buildSettings = {
				ALWAYS_EMBED_SWIFT_STANDARD_LIBRARIES = YES;
				CODE_SIGN_STYLE = Automatic;
				DEVELOPMENT_TEAM = D3728AP439;
				INFOPLIST_FILE = SectionKit/Tests/Info.plist;
				LD_RUNPATH_SEARCH_PATHS = (
					"$(inherited)",
					"@executable_path/Frameworks",
					"@loader_path/Frameworks",
				);
				PRODUCT_BUNDLE_IDENTIFIER = com.traderepublic.SectionKitTests;
				PRODUCT_NAME = "$(TARGET_NAME)";
				SWIFT_VERSION = 5.0;
				TARGETED_DEVICE_FAMILY = "1,2";
			};
			name = Debug;
		};
		5AE175642667D60000D4DCE1 /* Release */ = {
			isa = XCBuildConfiguration;
			buildSettings = {
				ALWAYS_EMBED_SWIFT_STANDARD_LIBRARIES = YES;
				CODE_SIGN_STYLE = Automatic;
				DEVELOPMENT_TEAM = D3728AP439;
				INFOPLIST_FILE = SectionKit/Tests/Info.plist;
				LD_RUNPATH_SEARCH_PATHS = (
					"$(inherited)",
					"@executable_path/Frameworks",
					"@loader_path/Frameworks",
				);
				PRODUCT_BUNDLE_IDENTIFIER = com.traderepublic.SectionKitTests;
				PRODUCT_NAME = "$(TARGET_NAME)";
				SWIFT_VERSION = 5.0;
				TARGETED_DEVICE_FAMILY = "1,2";
			};
			name = Release;
		};
/* End XCBuildConfiguration section */

/* Begin XCConfigurationList section */
		5AE175452667D60000D4DCE1 /* Build configuration list for PBXProject "SectionKit" */ = {
			isa = XCConfigurationList;
			buildConfigurations = (
				5AE1755D2667D60000D4DCE1 /* Debug */,
				5AE1755E2667D60000D4DCE1 /* Release */,
			);
			defaultConfigurationIsVisible = 0;
			defaultConfigurationName = Release;
		};
		5AE1755F2667D60000D4DCE1 /* Build configuration list for PBXNativeTarget "SectionKit" */ = {
			isa = XCConfigurationList;
			buildConfigurations = (
				5AE175602667D60000D4DCE1 /* Debug */,
				5AE175612667D60000D4DCE1 /* Release */,
			);
			defaultConfigurationIsVisible = 0;
			defaultConfigurationName = Release;
		};
		5AE175622667D60000D4DCE1 /* Build configuration list for PBXNativeTarget "SectionKitTests" */ = {
			isa = XCConfigurationList;
			buildConfigurations = (
				5AE175632667D60000D4DCE1 /* Debug */,
				5AE175642667D60000D4DCE1 /* Release */,
			);
			defaultConfigurationIsVisible = 0;
			defaultConfigurationName = Release;
		};
/* End XCConfigurationList section */
	};
	rootObject = 5AE175422667D60000D4DCE1 /* Project object */;
}
