{
  "object": {
    "pins": [
      {
        "package": "DifferenceKit",
        "repositoryURL": "https://github.com/ra1028/DifferenceKit",
        "state": {
          "branch": null,
          "revision": "14c66681e12a38b81045f44c6c29724a0d4b0e72",
          "version": "1.1.5"
        }
      },
      {
        "package": "SectionKit",
        "repositoryURL": "git@github.com:traderepublic/tr-sectionkit.git",
        "state": {
          "branch": "adapter_datasource",
          "revision": "0f8429b23dc9f79565cb4edf549e470214681f35",
          "version": null
        }
      }
    ]
  },
  "version": 1
}
